// !$*UTF8*$!
{
	archiveVersion = 1;
	classes = {
	};
	objectVersion = 46;
	objects = {

/* Begin PBXBuildFile section */
		7F201B861CCDD8C200235412 /* AboutViewController.swift in Sources */ = {isa = PBXBuildFile; fileRef = 7F201B851CCDD8C200235412 /* AboutViewController.swift */; };
		7F6331A11C912EB400B5CB00 /* SponsorCollectionViewCell.swift in Sources */ = {isa = PBXBuildFile; fileRef = 7F6331A01C912EB400B5CB00 /* SponsorCollectionViewCell.swift */; };
		7F82F6A01C8D4B62004EAC0E /* SchedulePageViewController.swift in Sources */ = {isa = PBXBuildFile; fileRef = 7F82F69F1C8D4B62004EAC0E /* SchedulePageViewController.swift */; };
		7F82F6A21C8D4B9A004EAC0E /* ScheduleModelController.swift in Sources */ = {isa = PBXBuildFile; fileRef = 7F82F6A11C8D4B9A004EAC0E /* ScheduleModelController.swift */; };
		7F82F6A41C8D4BF9004EAC0E /* ScheduleDateViewController.swift in Sources */ = {isa = PBXBuildFile; fileRef = 7F82F6A31C8D4BF9004EAC0E /* ScheduleDateViewController.swift */; };
		7F82F6A61C8D4C3D004EAC0E /* ScheduleBaseViewController.swift in Sources */ = {isa = PBXBuildFile; fileRef = 7F82F6A51C8D4C3D004EAC0E /* ScheduleBaseViewController.swift */; };
		7F82F6A81C8D4CF3004EAC0E /* ScheduleListViewController.swift in Sources */ = {isa = PBXBuildFile; fileRef = 7F82F6A71C8D4CF3004EAC0E /* ScheduleListViewController.swift */; };
		7FA9228A1CD0B7910057136D /* Dummy.json in Resources */ = {isa = PBXBuildFile; fileRef = 7FA922891CD0B7910057136D /* Dummy.json */; };
		7FA9228C1CD0BD8F0057136D /* Category.swift in Sources */ = {isa = PBXBuildFile; fileRef = 7FA9228B1CD0BD8F0057136D /* Category.swift */; };
		7FE830F71C97FA390076C079 /* LocalNotificationManager.swift in Sources */ = {isa = PBXBuildFile; fileRef = 7FE830F61C97FA390076C079 /* LocalNotificationManager.swift */; };
		7FE830FA1C97FCA00076C079 /* AppDelegate+OpenViewController.swift in Sources */ = {isa = PBXBuildFile; fileRef = 7FE830F91C97FCA00076C079 /* AppDelegate+OpenViewController.swift */; };
		7FE830FC1C97FD4F0076C079 /* ReceiveLocalNotificationService.swift in Sources */ = {isa = PBXBuildFile; fileRef = 7FE830FB1C97FD4F0076C079 /* ReceiveLocalNotificationService.swift */; };
		7FF4B0F11C990383001438C6 /* TalkService.swift in Sources */ = {isa = PBXBuildFile; fileRef = 7FF4B0F01C990383001438C6 /* TalkService.swift */; };
		7FFB73331C914FB4006FB375 /* SponsorListViewController.swift in Sources */ = {isa = PBXBuildFile; fileRef = 7FFB73321C914FB4006FB375 /* SponsorListViewController.swift */; };
		7FFB733E1C915B6E006FB375 /* MapViewController.swift in Sources */ = {isa = PBXBuildFile; fileRef = 7FFB733D1C915B6D006FB375 /* MapViewController.swift */; };
		7FFB73401C9162C2006FB375 /* MapKit.framework in Frameworks */ = {isa = PBXBuildFile; fileRef = 7FFB733F1C9162C2006FB375 /* MapKit.framework */; };
		7FFD33301C8D84BA000494E7 /* ScheduleListTableViewCell.swift in Sources */ = {isa = PBXBuildFile; fileRef = 7FFD332E1C8D84BA000494E7 /* ScheduleListTableViewCell.swift */; };
		7FFD33311C8D84BA000494E7 /* ScheduleListTableViewCell.xib in Resources */ = {isa = PBXBuildFile; fileRef = 7FFD332F1C8D84BA000494E7 /* ScheduleListTableViewCell.xib */; };
		954B7D7AE17B5936AC1F49FC /* Pods_PyConJP2016Tests.framework in Frameworks */ = {isa = PBXBuildFile; fileRef = A1BDDC1CABB963F52098EAB7 /* Pods_PyConJP2016Tests.framework */; };
		C832600FD904D3FFADAA174C /* Pods_PyConJP2016.framework in Frameworks */ = {isa = PBXBuildFile; fileRef = 7952AFBF6B014E7BBED90FE3 /* Pods_PyConJP2016.framework */; };
		DB1347DC1CC7DEDF00CA0539 /* AlamofireType.swift in Sources */ = {isa = PBXBuildFile; fileRef = DB1347DB1CC7DEDF00CA0539 /* AlamofireType.swift */; };
		DB1347DE1CCB092000CA0539 /* TalkAPIType.swift in Sources */ = {isa = PBXBuildFile; fileRef = DB1347DD1CCB092000CA0539 /* TalkAPIType.swift */; };
		DB1347E01CCB27D900CA0539 /* ErrorAlertType.swift in Sources */ = {isa = PBXBuildFile; fileRef = DB1347DF1CCB27D900CA0539 /* ErrorAlertType.swift */; };
		DB1579D81C7A10B800A5F5BA /* TalkModel.swift in Sources */ = {isa = PBXBuildFile; fileRef = DB1579D71C7A10B800A5F5BA /* TalkModel.swift */; };
		DB1579DA1C7A13C400A5F5BA /* PlaceModel.swift in Sources */ = {isa = PBXBuildFile; fileRef = DB1579D91C7A13C400A5F5BA /* PlaceModel.swift */; };
		DB1579DC1C7A154B00A5F5BA /* LevelModel.swift in Sources */ = {isa = PBXBuildFile; fileRef = DB1579DB1C7A154B00A5F5BA /* LevelModel.swift */; };
		DB1579DE1C7A157C00A5F5BA /* SpeakerModel.swift in Sources */ = {isa = PBXBuildFile; fileRef = DB1579DD1C7A157C00A5F5BA /* SpeakerModel.swift */; };
		DB3146B71C7C7C6600AA7333 /* TalkDetailViewController.swift in Sources */ = {isa = PBXBuildFile; fileRef = DB3146B61C7C7C6600AA7333 /* TalkDetailViewController.swift */; };
		DB5D5A851C72346C00CEF0CD /* Schedule.storyboard in Resources */ = {isa = PBXBuildFile; fileRef = DB5D5A841C72346C00CEF0CD /* Schedule.storyboard */; };
		DBA1C0AD1C7228E2004F0C8D /* AppDelegate.swift in Sources */ = {isa = PBXBuildFile; fileRef = DBA1C0AC1C7228E2004F0C8D /* AppDelegate.swift */; };
		DBA1C0B41C7228E2004F0C8D /* Assets.xcassets in Resources */ = {isa = PBXBuildFile; fileRef = DBA1C0B31C7228E2004F0C8D /* Assets.xcassets */; };
		DBA1C0C21C7228E2004F0C8D /* PyConJP2016Tests.swift in Sources */ = {isa = PBXBuildFile; fileRef = DBA1C0C11C7228E2004F0C8D /* PyConJP2016Tests.swift */; };
		DBA1C0CD1C7228E2004F0C8D /* PyConJP2016UITests.swift in Sources */ = {isa = PBXBuildFile; fileRef = DBA1C0CC1C7228E2004F0C8D /* PyConJP2016UITests.swift */; };
		DBA1C0DF1C722E99004F0C8D /* LaunchScreen.storyboard in Resources */ = {isa = PBXBuildFile; fileRef = DBA1C0DD1C722E99004F0C8D /* LaunchScreen.storyboard */; };
		DBA1C0E01C722E99004F0C8D /* Main.storyboard in Resources */ = {isa = PBXBuildFile; fileRef = DBA1C0DE1C722E99004F0C8D /* Main.storyboard */; };
		DBB2538B1CCB700400AA17C8 /* UIColorExtension.swift in Sources */ = {isa = PBXBuildFile; fileRef = DBB2538A1CCB700400AA17C8 /* UIColorExtension.swift */; };
		DBC748181C76254000895D4A /* BaseTabBarController.swift in Sources */ = {isa = PBXBuildFile; fileRef = DBC748171C76254000895D4A /* BaseTabBarController.swift */; };
		DBDE0E7C1C8C19F50094BF36 /* More.storyboard in Resources */ = {isa = PBXBuildFile; fileRef = DBDE0E7B1C8C19F50094BF36 /* More.storyboard */; };
		DBEBDB481C8C89FC002B25B3 /* MoreViewController.swift in Sources */ = {isa = PBXBuildFile; fileRef = DBEBDB471C8C89FC002B25B3 /* MoreViewController.swift */; };
		DBF4A7491C7F649A00AB8BE4 /* PCJWKWebViewController.swift in Sources */ = {isa = PBXBuildFile; fileRef = DBF4A7481C7F649A00AB8BE4 /* PCJWKWebViewController.swift */; };
/* End PBXBuildFile section */

/* Begin PBXContainerItemProxy section */
		DBA1C0BE1C7228E2004F0C8D /* PBXContainerItemProxy */ = {
			isa = PBXContainerItemProxy;
			containerPortal = DBA1C0A11C7228E2004F0C8D /* Project object */;
			proxyType = 1;
			remoteGlobalIDString = DBA1C0A81C7228E2004F0C8D;
			remoteInfo = PyConJP2016;
		};
		DBA1C0C91C7228E2004F0C8D /* PBXContainerItemProxy */ = {
			isa = PBXContainerItemProxy;
			containerPortal = DBA1C0A11C7228E2004F0C8D /* Project object */;
			proxyType = 1;
			remoteGlobalIDString = DBA1C0A81C7228E2004F0C8D;
			remoteInfo = PyConJP2016;
		};
/* End PBXContainerItemProxy section */

/* Begin PBXFileReference section */
		30241316839D846FC4C64534 /* Pods-PyConJP2016.debug.xcconfig */ = {isa = PBXFileReference; includeInIndex = 1; lastKnownFileType = text.xcconfig; name = "Pods-PyConJP2016.debug.xcconfig"; path = "Pods/Target Support Files/Pods-PyConJP2016/Pods-PyConJP2016.debug.xcconfig"; sourceTree = "<group>"; };
		7952AFBF6B014E7BBED90FE3 /* Pods_PyConJP2016.framework */ = {isa = PBXFileReference; explicitFileType = wrapper.framework; includeInIndex = 0; path = Pods_PyConJP2016.framework; sourceTree = BUILT_PRODUCTS_DIR; };
		7B4525E7CD6B481FCC38979C /* Pods-PyConJP2016.release.xcconfig */ = {isa = PBXFileReference; includeInIndex = 1; lastKnownFileType = text.xcconfig; name = "Pods-PyConJP2016.release.xcconfig"; path = "Pods/Target Support Files/Pods-PyConJP2016/Pods-PyConJP2016.release.xcconfig"; sourceTree = "<group>"; };
		7F201B851CCDD8C200235412 /* AboutViewController.swift */ = {isa = PBXFileReference; fileEncoding = 4; lastKnownFileType = sourcecode.swift; path = AboutViewController.swift; sourceTree = "<group>"; };
		7F6331A01C912EB400B5CB00 /* SponsorCollectionViewCell.swift */ = {isa = PBXFileReference; fileEncoding = 4; lastKnownFileType = sourcecode.swift; path = SponsorCollectionViewCell.swift; sourceTree = "<group>"; };
		7F82F69F1C8D4B62004EAC0E /* SchedulePageViewController.swift */ = {isa = PBXFileReference; fileEncoding = 4; lastKnownFileType = sourcecode.swift; path = SchedulePageViewController.swift; sourceTree = "<group>"; };
		7F82F6A11C8D4B9A004EAC0E /* ScheduleModelController.swift */ = {isa = PBXFileReference; fileEncoding = 4; lastKnownFileType = sourcecode.swift; path = ScheduleModelController.swift; sourceTree = "<group>"; };
		7F82F6A31C8D4BF9004EAC0E /* ScheduleDateViewController.swift */ = {isa = PBXFileReference; fileEncoding = 4; lastKnownFileType = sourcecode.swift; path = ScheduleDateViewController.swift; sourceTree = "<group>"; };
		7F82F6A51C8D4C3D004EAC0E /* ScheduleBaseViewController.swift */ = {isa = PBXFileReference; fileEncoding = 4; lastKnownFileType = sourcecode.swift; path = ScheduleBaseViewController.swift; sourceTree = "<group>"; };
		7F82F6A71C8D4CF3004EAC0E /* ScheduleListViewController.swift */ = {isa = PBXFileReference; fileEncoding = 4; lastKnownFileType = sourcecode.swift; path = ScheduleListViewController.swift; sourceTree = "<group>"; };
		7FA922891CD0B7910057136D /* Dummy.json */ = {isa = PBXFileReference; fileEncoding = 4; lastKnownFileType = text.json; path = Dummy.json; sourceTree = "<group>"; };
		7FA9228B1CD0BD8F0057136D /* Category.swift */ = {isa = PBXFileReference; fileEncoding = 4; lastKnownFileType = sourcecode.swift; path = Category.swift; sourceTree = "<group>"; };
		7FE830F61C97FA390076C079 /* LocalNotificationManager.swift */ = {isa = PBXFileReference; fileEncoding = 4; lastKnownFileType = sourcecode.swift; path = LocalNotificationManager.swift; sourceTree = "<group>"; };
		7FE830F91C97FCA00076C079 /* AppDelegate+OpenViewController.swift */ = {isa = PBXFileReference; fileEncoding = 4; lastKnownFileType = sourcecode.swift; path = "AppDelegate+OpenViewController.swift"; sourceTree = "<group>"; };
		7FE830FB1C97FD4F0076C079 /* ReceiveLocalNotificationService.swift */ = {isa = PBXFileReference; fileEncoding = 4; lastKnownFileType = sourcecode.swift; path = ReceiveLocalNotificationService.swift; sourceTree = "<group>"; };
		7FF4B0F01C990383001438C6 /* TalkService.swift */ = {isa = PBXFileReference; fileEncoding = 4; lastKnownFileType = sourcecode.swift; path = TalkService.swift; sourceTree = "<group>"; };
		7FFB73321C914FB4006FB375 /* SponsorListViewController.swift */ = {isa = PBXFileReference; fileEncoding = 4; lastKnownFileType = sourcecode.swift; path = SponsorListViewController.swift; sourceTree = "<group>"; };
		7FFB733D1C915B6D006FB375 /* MapViewController.swift */ = {isa = PBXFileReference; fileEncoding = 4; lastKnownFileType = sourcecode.swift; path = MapViewController.swift; sourceTree = "<group>"; };
		7FFB733F1C9162C2006FB375 /* MapKit.framework */ = {isa = PBXFileReference; lastKnownFileType = wrapper.framework; name = MapKit.framework; path = System/Library/Frameworks/MapKit.framework; sourceTree = SDKROOT; };
		7FFD332E1C8D84BA000494E7 /* ScheduleListTableViewCell.swift */ = {isa = PBXFileReference; fileEncoding = 4; lastKnownFileType = sourcecode.swift; path = ScheduleListTableViewCell.swift; sourceTree = "<group>"; };
		7FFD332F1C8D84BA000494E7 /* ScheduleListTableViewCell.xib */ = {isa = PBXFileReference; fileEncoding = 4; lastKnownFileType = file.xib; path = ScheduleListTableViewCell.xib; sourceTree = "<group>"; };
		A1BDDC1CABB963F52098EAB7 /* Pods_PyConJP2016Tests.framework */ = {isa = PBXFileReference; explicitFileType = wrapper.framework; includeInIndex = 0; path = Pods_PyConJP2016Tests.framework; sourceTree = BUILT_PRODUCTS_DIR; };
		B1A81D8527364825FA466121 /* Pods-PyConJP2016Tests.debug.xcconfig */ = {isa = PBXFileReference; includeInIndex = 1; lastKnownFileType = text.xcconfig; name = "Pods-PyConJP2016Tests.debug.xcconfig"; path = "Pods/Target Support Files/Pods-PyConJP2016Tests/Pods-PyConJP2016Tests.debug.xcconfig"; sourceTree = "<group>"; };
		DB1347DB1CC7DEDF00CA0539 /* AlamofireType.swift */ = {isa = PBXFileReference; fileEncoding = 4; lastKnownFileType = sourcecode.swift; path = AlamofireType.swift; sourceTree = "<group>"; };
		DB1347DD1CCB092000CA0539 /* TalkAPIType.swift */ = {isa = PBXFileReference; fileEncoding = 4; lastKnownFileType = sourcecode.swift; path = TalkAPIType.swift; sourceTree = "<group>"; };
		DB1347DF1CCB27D900CA0539 /* ErrorAlertType.swift */ = {isa = PBXFileReference; fileEncoding = 4; lastKnownFileType = sourcecode.swift; path = ErrorAlertType.swift; sourceTree = "<group>"; };
		DB1579D71C7A10B800A5F5BA /* TalkModel.swift */ = {isa = PBXFileReference; fileEncoding = 4; lastKnownFileType = sourcecode.swift; path = TalkModel.swift; sourceTree = "<group>"; };
		DB1579D91C7A13C400A5F5BA /* PlaceModel.swift */ = {isa = PBXFileReference; fileEncoding = 4; lastKnownFileType = sourcecode.swift; path = PlaceModel.swift; sourceTree = "<group>"; };
		DB1579DB1C7A154B00A5F5BA /* LevelModel.swift */ = {isa = PBXFileReference; fileEncoding = 4; lastKnownFileType = sourcecode.swift; path = LevelModel.swift; sourceTree = "<group>"; };
		DB1579DD1C7A157C00A5F5BA /* SpeakerModel.swift */ = {isa = PBXFileReference; fileEncoding = 4; lastKnownFileType = sourcecode.swift; path = SpeakerModel.swift; sourceTree = "<group>"; };
		DB3146B61C7C7C6600AA7333 /* TalkDetailViewController.swift */ = {isa = PBXFileReference; fileEncoding = 4; lastKnownFileType = sourcecode.swift; path = TalkDetailViewController.swift; sourceTree = "<group>"; };
		DB5D5A841C72346C00CEF0CD /* Schedule.storyboard */ = {isa = PBXFileReference; fileEncoding = 4; lastKnownFileType = file.storyboard; path = Schedule.storyboard; sourceTree = "<group>"; };
		DBA1C0A91C7228E2004F0C8D /* PyConJP2016.app */ = {isa = PBXFileReference; explicitFileType = wrapper.application; includeInIndex = 0; path = PyConJP2016.app; sourceTree = BUILT_PRODUCTS_DIR; };
		DBA1C0AC1C7228E2004F0C8D /* AppDelegate.swift */ = {isa = PBXFileReference; lastKnownFileType = sourcecode.swift; path = AppDelegate.swift; sourceTree = "<group>"; };
		DBA1C0B31C7228E2004F0C8D /* Assets.xcassets */ = {isa = PBXFileReference; lastKnownFileType = folder.assetcatalog; path = Assets.xcassets; sourceTree = "<group>"; };
		DBA1C0B81C7228E2004F0C8D /* Info.plist */ = {isa = PBXFileReference; lastKnownFileType = text.plist.xml; path = Info.plist; sourceTree = "<group>"; };
		DBA1C0BD1C7228E2004F0C8D /* PyConJP2016Tests.xctest */ = {isa = PBXFileReference; explicitFileType = wrapper.cfbundle; includeInIndex = 0; path = PyConJP2016Tests.xctest; sourceTree = BUILT_PRODUCTS_DIR; };
		DBA1C0C11C7228E2004F0C8D /* PyConJP2016Tests.swift */ = {isa = PBXFileReference; lastKnownFileType = sourcecode.swift; path = PyConJP2016Tests.swift; sourceTree = "<group>"; };
		DBA1C0C31C7228E2004F0C8D /* Info.plist */ = {isa = PBXFileReference; lastKnownFileType = text.plist.xml; path = Info.plist; sourceTree = "<group>"; };
		DBA1C0C81C7228E2004F0C8D /* PyConJP2016UITests.xctest */ = {isa = PBXFileReference; explicitFileType = wrapper.cfbundle; includeInIndex = 0; path = PyConJP2016UITests.xctest; sourceTree = BUILT_PRODUCTS_DIR; };
		DBA1C0CC1C7228E2004F0C8D /* PyConJP2016UITests.swift */ = {isa = PBXFileReference; lastKnownFileType = sourcecode.swift; path = PyConJP2016UITests.swift; sourceTree = "<group>"; };
		DBA1C0CE1C7228E2004F0C8D /* Info.plist */ = {isa = PBXFileReference; lastKnownFileType = text.plist.xml; path = Info.plist; sourceTree = "<group>"; };
		DBA1C0DD1C722E99004F0C8D /* LaunchScreen.storyboard */ = {isa = PBXFileReference; fileEncoding = 4; lastKnownFileType = file.storyboard; path = LaunchScreen.storyboard; sourceTree = "<group>"; };
		DBA1C0DE1C722E99004F0C8D /* Main.storyboard */ = {isa = PBXFileReference; fileEncoding = 4; lastKnownFileType = file.storyboard; path = Main.storyboard; sourceTree = "<group>"; };
		DBB2538A1CCB700400AA17C8 /* UIColorExtension.swift */ = {isa = PBXFileReference; fileEncoding = 4; lastKnownFileType = sourcecode.swift; path = UIColorExtension.swift; sourceTree = "<group>"; };
		DBC748171C76254000895D4A /* BaseTabBarController.swift */ = {isa = PBXFileReference; fileEncoding = 4; lastKnownFileType = sourcecode.swift; path = BaseTabBarController.swift; sourceTree = "<group>"; };
		DBDE0E7B1C8C19F50094BF36 /* More.storyboard */ = {isa = PBXFileReference; fileEncoding = 4; lastKnownFileType = file.storyboard; path = More.storyboard; sourceTree = "<group>"; };
		DBEBDB471C8C89FC002B25B3 /* MoreViewController.swift */ = {isa = PBXFileReference; fileEncoding = 4; lastKnownFileType = sourcecode.swift; path = MoreViewController.swift; sourceTree = "<group>"; };
		DBF4A7481C7F649A00AB8BE4 /* PCJWKWebViewController.swift */ = {isa = PBXFileReference; fileEncoding = 4; lastKnownFileType = sourcecode.swift; path = PCJWKWebViewController.swift; sourceTree = "<group>"; };
		E2EB42880CF0B0E1ABE59123 /* Pods-PyConJP2016Tests.release.xcconfig */ = {isa = PBXFileReference; includeInIndex = 1; lastKnownFileType = text.xcconfig; name = "Pods-PyConJP2016Tests.release.xcconfig"; path = "Pods/Target Support Files/Pods-PyConJP2016Tests/Pods-PyConJP2016Tests.release.xcconfig"; sourceTree = "<group>"; };
/* End PBXFileReference section */

/* Begin PBXFrameworksBuildPhase section */
		DBA1C0A61C7228E2004F0C8D /* Frameworks */ = {
			isa = PBXFrameworksBuildPhase;
			buildActionMask = 2147483647;
			files = (
				7FFB73401C9162C2006FB375 /* MapKit.framework in Frameworks */,
				C832600FD904D3FFADAA174C /* Pods_PyConJP2016.framework in Frameworks */,
			);
			runOnlyForDeploymentPostprocessing = 0;
		};
		DBA1C0BA1C7228E2004F0C8D /* Frameworks */ = {
			isa = PBXFrameworksBuildPhase;
			buildActionMask = 2147483647;
			files = (
				954B7D7AE17B5936AC1F49FC /* Pods_PyConJP2016Tests.framework in Frameworks */,
			);
			runOnlyForDeploymentPostprocessing = 0;
		};
		DBA1C0C51C7228E2004F0C8D /* Frameworks */ = {
			isa = PBXFrameworksBuildPhase;
			buildActionMask = 2147483647;
			files = (
			);
			runOnlyForDeploymentPostprocessing = 0;
		};
/* End PBXFrameworksBuildPhase section */

/* Begin PBXGroup section */
		0EC7DFA7A1F2C68AE3E46B7C /* Pods */ = {
			isa = PBXGroup;
			children = (
				30241316839D846FC4C64534 /* Pods-PyConJP2016.debug.xcconfig */,
				7B4525E7CD6B481FCC38979C /* Pods-PyConJP2016.release.xcconfig */,
				B1A81D8527364825FA466121 /* Pods-PyConJP2016Tests.debug.xcconfig */,
				E2EB42880CF0B0E1ABE59123 /* Pods-PyConJP2016Tests.release.xcconfig */,
			);
			name = Pods;
			sourceTree = "<group>";
		};
		7F67D1F71C8D4AD2001C8F9C /* Schedule */ = {
			isa = PBXGroup;
			children = (
				7F82F69F1C8D4B62004EAC0E /* SchedulePageViewController.swift */,
				7F82F6A11C8D4B9A004EAC0E /* ScheduleModelController.swift */,
				7F82F6A31C8D4BF9004EAC0E /* ScheduleDateViewController.swift */,
				7F82F6A51C8D4C3D004EAC0E /* ScheduleBaseViewController.swift */,
				7F82F6A71C8D4CF3004EAC0E /* ScheduleListViewController.swift */,
			);
			path = Schedule;
			sourceTree = "<group>";
		};
		7FE830F51C97FA210076C079 /* Notification */ = {
			isa = PBXGroup;
			children = (
				7FE830F61C97FA390076C079 /* LocalNotificationManager.swift */,
				7FE830FB1C97FD4F0076C079 /* ReceiveLocalNotificationService.swift */,
			);
			path = Notification;
			sourceTree = "<group>";
		};
		7FE830F81C97FC800076C079 /* Category */ = {
			isa = PBXGroup;
			children = (
				7FE830F91C97FCA00076C079 /* AppDelegate+OpenViewController.swift */,
			);
			path = Category;
			sourceTree = "<group>";
		};
		7FF4B0EF1C99035F001438C6 /* Talk */ = {
			isa = PBXGroup;
			children = (
				7FF4B0F01C990383001438C6 /* TalkService.swift */,
			);
			path = Talk;
			sourceTree = "<group>";
		};
		BB6F29A77E8682EFE6C9DA97 /* Frameworks */ = {
			isa = PBXGroup;
			children = (
				7952AFBF6B014E7BBED90FE3 /* Pods_PyConJP2016.framework */,
				A1BDDC1CABB963F52098EAB7 /* Pods_PyConJP2016Tests.framework */,
			);
			name = Frameworks;
			sourceTree = "<group>";
		};
		DB1347DA1CC7DECF00CA0539 /* Protocol */ = {
			isa = PBXGroup;
			children = (
				DB1347DB1CC7DEDF00CA0539 /* AlamofireType.swift */,
				DB1347DD1CCB092000CA0539 /* TalkAPIType.swift */,
				DB1347DF1CCB27D900CA0539 /* ErrorAlertType.swift */,
				DBB2538A1CCB700400AA17C8 /* UIColorExtension.swift */,
			);
			path = Protocol;
			sourceTree = "<group>";
		};
		DBA1C0A01C7228E2004F0C8D = {
			isa = PBXGroup;
			children = (
				7FFB733F1C9162C2006FB375 /* MapKit.framework */,
				DBA1C0AB1C7228E2004F0C8D /* PyConJP2016 */,
				DBA1C0C01C7228E2004F0C8D /* PyConJP2016Tests */,
				DBA1C0CB1C7228E2004F0C8D /* PyConJP2016UITests */,
				DBA1C0AA1C7228E2004F0C8D /* Products */,
				0EC7DFA7A1F2C68AE3E46B7C /* Pods */,
				BB6F29A77E8682EFE6C9DA97 /* Frameworks */,
			);
			sourceTree = "<group>";
		};
		DBA1C0AA1C7228E2004F0C8D /* Products */ = {
			isa = PBXGroup;
			children = (
				DBA1C0A91C7228E2004F0C8D /* PyConJP2016.app */,
				DBA1C0BD1C7228E2004F0C8D /* PyConJP2016Tests.xctest */,
				DBA1C0C81C7228E2004F0C8D /* PyConJP2016UITests.xctest */,
			);
			name = Products;
			sourceTree = "<group>";
		};
		DBA1C0AB1C7228E2004F0C8D /* PyConJP2016 */ = {
			isa = PBXGroup;
			children = (
				7FA922891CD0B7910057136D /* Dummy.json */,
				7FE830F81C97FC800076C079 /* Category */,
				DBA1C0DA1C722E77004F0C8D /* Model */,
				DB1347DA1CC7DECF00CA0539 /* Protocol */,
				DBAD5BBA1C95B54E004B71B3 /* Service */,
				DBA1C0DB1C722E82004F0C8D /* ViewController */,
				DBA1C0DC1C722E99004F0C8D /* Storyboard */,
				DBA1C0AC1C7228E2004F0C8D /* AppDelegate.swift */,
				DBA1C0B31C7228E2004F0C8D /* Assets.xcassets */,
				DBA1C0B81C7228E2004F0C8D /* Info.plist */,
			);
			path = PyConJP2016;
			sourceTree = "<group>";
		};
		DBA1C0C01C7228E2004F0C8D /* PyConJP2016Tests */ = {
			isa = PBXGroup;
			children = (
				DBA1C0C11C7228E2004F0C8D /* PyConJP2016Tests.swift */,
				DBA1C0C31C7228E2004F0C8D /* Info.plist */,
			);
			path = PyConJP2016Tests;
			sourceTree = "<group>";
		};
		DBA1C0CB1C7228E2004F0C8D /* PyConJP2016UITests */ = {
			isa = PBXGroup;
			children = (
				DBA1C0CC1C7228E2004F0C8D /* PyConJP2016UITests.swift */,
				DBA1C0CE1C7228E2004F0C8D /* Info.plist */,
			);
			path = PyConJP2016UITests;
			sourceTree = "<group>";
		};
		DBA1C0DA1C722E77004F0C8D /* Model */ = {
			isa = PBXGroup;
			children = (
				DB1579D71C7A10B800A5F5BA /* TalkModel.swift */,
				DB1579D91C7A13C400A5F5BA /* PlaceModel.swift */,
				DB1579DB1C7A154B00A5F5BA /* LevelModel.swift */,
				DB1579DD1C7A157C00A5F5BA /* SpeakerModel.swift */,
				7FA9228B1CD0BD8F0057136D /* Category.swift */,
			);
			path = Model;
			sourceTree = "<group>";
		};
		DBA1C0DB1C722E82004F0C8D /* ViewController */ = {
			isa = PBXGroup;
			children = (
				DBC748161C7624CB00895D4A /* Base */,
				7F67D1F71C8D4AD2001C8F9C /* Schedule */,
				DBDE0E7A1C8C19CB0094BF36 /* More */,
			);
			name = ViewController;
			path = PyConJP2016/ViewController;
			sourceTree = SOURCE_ROOT;
		};
		DBA1C0DC1C722E99004F0C8D /* Storyboard */ = {
			isa = PBXGroup;
			children = (
				DBA1C0DD1C722E99004F0C8D /* LaunchScreen.storyboard */,
				DBA1C0DE1C722E99004F0C8D /* Main.storyboard */,
				DB5D5A841C72346C00CEF0CD /* Schedule.storyboard */,
				DBDE0E7B1C8C19F50094BF36 /* More.storyboard */,
			);
			path = Storyboard;
			sourceTree = "<group>";
		};
		DBAD5BBA1C95B54E004B71B3 /* Service */ = {
			isa = PBXGroup;
			children = (
				7FF4B0EF1C99035F001438C6 /* Talk */,
				7FE830F51C97FA210076C079 /* Notification */,
			);
			path = Service;
			sourceTree = "<group>";
		};
		DBC748161C7624CB00895D4A /* Base */ = {
			isa = PBXGroup;
			children = (
				DBC748171C76254000895D4A /* BaseTabBarController.swift */,
				DB3146B61C7C7C6600AA7333 /* TalkDetailViewController.swift */,
				7FFD332E1C8D84BA000494E7 /* ScheduleListTableViewCell.swift */,
				7FFD332F1C8D84BA000494E7 /* ScheduleListTableViewCell.xib */,
				DBF4A7481C7F649A00AB8BE4 /* PCJWKWebViewController.swift */,
			);
			path = Base;
			sourceTree = "<group>";
		};
		DBDE0E7A1C8C19CB0094BF36 /* More */ = {
			isa = PBXGroup;
			children = (
				DBEBDB471C8C89FC002B25B3 /* MoreViewController.swift */,
				7FFB73321C914FB4006FB375 /* SponsorListViewController.swift */,
				7F6331A01C912EB400B5CB00 /* SponsorCollectionViewCell.swift */,
				7FFB733D1C915B6D006FB375 /* MapViewController.swift */,
				7F201B851CCDD8C200235412 /* AboutViewController.swift */,
			);
			path = More;
			sourceTree = "<group>";
		};
/* End PBXGroup section */

/* Begin PBXNativeTarget section */
		DBA1C0A81C7228E2004F0C8D /* PyConJP2016 */ = {
			isa = PBXNativeTarget;
			buildConfigurationList = DBA1C0D11C7228E2004F0C8D /* Build configuration list for PBXNativeTarget "PyConJP2016" */;
			buildPhases = (
				14DE1E801E45FA778A833CFE /* Check Pods Manifest.lock */,
				DBA1C0A51C7228E2004F0C8D /* Sources */,
				DBA1C0A61C7228E2004F0C8D /* Frameworks */,
				DBA1C0A71C7228E2004F0C8D /* Resources */,
				A0EC586907CE24167572B517 /* Embed Pods Frameworks */,
				44305B3CEB4EA4C3DBAA7BE1 /* Copy Pods Resources */,
			);
			buildRules = (
			);
			dependencies = (
			);
			name = PyConJP2016;
			productName = PyConJP2016;
			productReference = DBA1C0A91C7228E2004F0C8D /* PyConJP2016.app */;
			productType = "com.apple.product-type.application";
		};
		DBA1C0BC1C7228E2004F0C8D /* PyConJP2016Tests */ = {
			isa = PBXNativeTarget;
			buildConfigurationList = DBA1C0D41C7228E2004F0C8D /* Build configuration list for PBXNativeTarget "PyConJP2016Tests" */;
			buildPhases = (
				271C41C67B6C95998E85D776 /* Check Pods Manifest.lock */,
				DBA1C0B91C7228E2004F0C8D /* Sources */,
				DBA1C0BA1C7228E2004F0C8D /* Frameworks */,
				DBA1C0BB1C7228E2004F0C8D /* Resources */,
				6A5B2BBA62F961A03AE1D9A7 /* Embed Pods Frameworks */,
				270A71A7107320E64310FE10 /* Copy Pods Resources */,
			);
			buildRules = (
			);
			dependencies = (
				DBA1C0BF1C7228E2004F0C8D /* PBXTargetDependency */,
			);
			name = PyConJP2016Tests;
			productName = PyConJP2016Tests;
			productReference = DBA1C0BD1C7228E2004F0C8D /* PyConJP2016Tests.xctest */;
			productType = "com.apple.product-type.bundle.unit-test";
		};
		DBA1C0C71C7228E2004F0C8D /* PyConJP2016UITests */ = {
			isa = PBXNativeTarget;
			buildConfigurationList = DBA1C0D71C7228E2004F0C8D /* Build configuration list for PBXNativeTarget "PyConJP2016UITests" */;
			buildPhases = (
				DBA1C0C41C7228E2004F0C8D /* Sources */,
				DBA1C0C51C7228E2004F0C8D /* Frameworks */,
				DBA1C0C61C7228E2004F0C8D /* Resources */,
			);
			buildRules = (
			);
			dependencies = (
				DBA1C0CA1C7228E2004F0C8D /* PBXTargetDependency */,
			);
			name = PyConJP2016UITests;
			productName = PyConJP2016UITests;
			productReference = DBA1C0C81C7228E2004F0C8D /* PyConJP2016UITests.xctest */;
			productType = "com.apple.product-type.bundle.ui-testing";
		};
/* End PBXNativeTarget section */

/* Begin PBXProject section */
		DBA1C0A11C7228E2004F0C8D /* Project object */ = {
			isa = PBXProject;
			attributes = {
				LastSwiftUpdateCheck = 0720;
				LastUpgradeCheck = 0720;
				ORGANIZATIONNAME = "Yutaro Muta";
				TargetAttributes = {
					DBA1C0A81C7228E2004F0C8D = {
						CreatedOnToolsVersion = 7.2;
						DevelopmentTeam = 655CB4BL24;
					};
					DBA1C0BC1C7228E2004F0C8D = {
						CreatedOnToolsVersion = 7.2;
						DevelopmentTeam = 3T8B5JQDB8;
						TestTargetID = DBA1C0A81C7228E2004F0C8D;
					};
					DBA1C0C71C7228E2004F0C8D = {
						CreatedOnToolsVersion = 7.2;
						DevelopmentTeam = 3T8B5JQDB8;
						TestTargetID = DBA1C0A81C7228E2004F0C8D;
					};
				};
			};
			buildConfigurationList = DBA1C0A41C7228E2004F0C8D /* Build configuration list for PBXProject "PyConJP2016" */;
			compatibilityVersion = "Xcode 3.2";
			developmentRegion = English;
			hasScannedForEncodings = 0;
			knownRegions = (
				en,
				Base,
			);
			mainGroup = DBA1C0A01C7228E2004F0C8D;
			productRefGroup = DBA1C0AA1C7228E2004F0C8D /* Products */;
			projectDirPath = "";
			projectRoot = "";
			targets = (
				DBA1C0A81C7228E2004F0C8D /* PyConJP2016 */,
				DBA1C0BC1C7228E2004F0C8D /* PyConJP2016Tests */,
				DBA1C0C71C7228E2004F0C8D /* PyConJP2016UITests */,
			);
		};
/* End PBXProject section */

/* Begin PBXResourcesBuildPhase section */
		DBA1C0A71C7228E2004F0C8D /* Resources */ = {
			isa = PBXResourcesBuildPhase;
			buildActionMask = 2147483647;
			files = (
				DBA1C0E01C722E99004F0C8D /* Main.storyboard in Resources */,
				7FA9228A1CD0B7910057136D /* Dummy.json in Resources */,
				7FFD33311C8D84BA000494E7 /* ScheduleListTableViewCell.xib in Resources */,
				DBDE0E7C1C8C19F50094BF36 /* More.storyboard in Resources */,
				DBA1C0DF1C722E99004F0C8D /* LaunchScreen.storyboard in Resources */,
				DBA1C0B41C7228E2004F0C8D /* Assets.xcassets in Resources */,
				DB5D5A851C72346C00CEF0CD /* Schedule.storyboard in Resources */,
			);
			runOnlyForDeploymentPostprocessing = 0;
		};
		DBA1C0BB1C7228E2004F0C8D /* Resources */ = {
			isa = PBXResourcesBuildPhase;
			buildActionMask = 2147483647;
			files = (
			);
			runOnlyForDeploymentPostprocessing = 0;
		};
		DBA1C0C61C7228E2004F0C8D /* Resources */ = {
			isa = PBXResourcesBuildPhase;
			buildActionMask = 2147483647;
			files = (
			);
			runOnlyForDeploymentPostprocessing = 0;
		};
/* End PBXResourcesBuildPhase section */

/* Begin PBXShellScriptBuildPhase section */
		14DE1E801E45FA778A833CFE /* Check Pods Manifest.lock */ = {
			isa = PBXShellScriptBuildPhase;
			buildActionMask = 2147483647;
			files = (
			);
			inputPaths = (
			);
			name = "Check Pods Manifest.lock";
			outputPaths = (
			);
			runOnlyForDeploymentPostprocessing = 0;
			shellPath = /bin/sh;
			shellScript = "diff \"${PODS_ROOT}/../Podfile.lock\" \"${PODS_ROOT}/Manifest.lock\" > /dev/null\nif [[ $? != 0 ]] ; then\n    cat << EOM\nerror: The sandbox is not in sync with the Podfile.lock. Run 'pod install' or update your CocoaPods installation.\nEOM\n    exit 1\nfi\n";
			showEnvVarsInLog = 0;
		};
		270A71A7107320E64310FE10 /* Copy Pods Resources */ = {
			isa = PBXShellScriptBuildPhase;
			buildActionMask = 2147483647;
			files = (
			);
			inputPaths = (
			);
			name = "Copy Pods Resources";
			outputPaths = (
			);
			runOnlyForDeploymentPostprocessing = 0;
			shellPath = /bin/sh;
			shellScript = "\"${SRCROOT}/Pods/Target Support Files/Pods-PyConJP2016Tests/Pods-PyConJP2016Tests-resources.sh\"\n";
			showEnvVarsInLog = 0;
		};
		271C41C67B6C95998E85D776 /* Check Pods Manifest.lock */ = {
			isa = PBXShellScriptBuildPhase;
			buildActionMask = 2147483647;
			files = (
			);
			inputPaths = (
			);
			name = "Check Pods Manifest.lock";
			outputPaths = (
			);
			runOnlyForDeploymentPostprocessing = 0;
			shellPath = /bin/sh;
			shellScript = "diff \"${PODS_ROOT}/../Podfile.lock\" \"${PODS_ROOT}/Manifest.lock\" > /dev/null\nif [[ $? != 0 ]] ; then\n    cat << EOM\nerror: The sandbox is not in sync with the Podfile.lock. Run 'pod install' or update your CocoaPods installation.\nEOM\n    exit 1\nfi\n";
			showEnvVarsInLog = 0;
		};
		44305B3CEB4EA4C3DBAA7BE1 /* Copy Pods Resources */ = {
			isa = PBXShellScriptBuildPhase;
			buildActionMask = 2147483647;
			files = (
			);
			inputPaths = (
			);
			name = "Copy Pods Resources";
			outputPaths = (
			);
			runOnlyForDeploymentPostprocessing = 0;
			shellPath = /bin/sh;
			shellScript = "\"${SRCROOT}/Pods/Target Support Files/Pods-PyConJP2016/Pods-PyConJP2016-resources.sh\"\n";
			showEnvVarsInLog = 0;
		};
		6A5B2BBA62F961A03AE1D9A7 /* Embed Pods Frameworks */ = {
			isa = PBXShellScriptBuildPhase;
			buildActionMask = 2147483647;
			files = (
			);
			inputPaths = (
			);
			name = "Embed Pods Frameworks";
			outputPaths = (
			);
			runOnlyForDeploymentPostprocessing = 0;
			shellPath = /bin/sh;
			shellScript = "\"${SRCROOT}/Pods/Target Support Files/Pods-PyConJP2016Tests/Pods-PyConJP2016Tests-frameworks.sh\"\n";
			showEnvVarsInLog = 0;
		};
		A0EC586907CE24167572B517 /* Embed Pods Frameworks */ = {
			isa = PBXShellScriptBuildPhase;
			buildActionMask = 2147483647;
			files = (
			);
			inputPaths = (
			);
			name = "Embed Pods Frameworks";
			outputPaths = (
			);
			runOnlyForDeploymentPostprocessing = 0;
			shellPath = /bin/sh;
			shellScript = "\"${SRCROOT}/Pods/Target Support Files/Pods-PyConJP2016/Pods-PyConJP2016-frameworks.sh\"\n";
			showEnvVarsInLog = 0;
		};
/* End PBXShellScriptBuildPhase section */

/* Begin PBXSourcesBuildPhase section */
		DBA1C0A51C7228E2004F0C8D /* Sources */ = {
			isa = PBXSourcesBuildPhase;
			buildActionMask = 2147483647;
			files = (
				DB1579DC1C7A154B00A5F5BA /* LevelModel.swift in Sources */,
				7FFD33301C8D84BA000494E7 /* ScheduleListTableViewCell.swift in Sources */,
				7FE830F71C97FA390076C079 /* LocalNotificationManager.swift in Sources */,
				DBF4A7491C7F649A00AB8BE4 /* PCJWKWebViewController.swift in Sources */,
				DB1347DE1CCB092000CA0539 /* TalkAPIType.swift in Sources */,
				7F82F6A01C8D4B62004EAC0E /* SchedulePageViewController.swift in Sources */,
				DB3146B71C7C7C6600AA7333 /* TalkDetailViewController.swift in Sources */,
				7F82F6A41C8D4BF9004EAC0E /* ScheduleDateViewController.swift in Sources */,
				DB1347DC1CC7DEDF00CA0539 /* AlamofireType.swift in Sources */,
				7FE830FC1C97FD4F0076C079 /* ReceiveLocalNotificationService.swift in Sources */,
				7F6331A11C912EB400B5CB00 /* SponsorCollectionViewCell.swift in Sources */,
				7FFB73331C914FB4006FB375 /* SponsorListViewController.swift in Sources */,
				7F201B861CCDD8C200235412 /* AboutViewController.swift in Sources */,
				DBEBDB481C8C89FC002B25B3 /* MoreViewController.swift in Sources */,
				DBC748181C76254000895D4A /* BaseTabBarController.swift in Sources */,
				7FFB733E1C915B6E006FB375 /* MapViewController.swift in Sources */,
				7FF4B0F11C990383001438C6 /* TalkService.swift in Sources */,
				DB1579DE1C7A157C00A5F5BA /* SpeakerModel.swift in Sources */,
				7F82F6A81C8D4CF3004EAC0E /* ScheduleListViewController.swift in Sources */,
				DBA1C0AD1C7228E2004F0C8D /* AppDelegate.swift in Sources */,
				DBB2538B1CCB700400AA17C8 /* UIColorExtension.swift in Sources */,
				7F82F6A21C8D4B9A004EAC0E /* ScheduleModelController.swift in Sources */,
				DB1347E01CCB27D900CA0539 /* ErrorAlertType.swift in Sources */,
				7F82F6A61C8D4C3D004EAC0E /* ScheduleBaseViewController.swift in Sources */,
				DB1579DA1C7A13C400A5F5BA /* PlaceModel.swift in Sources */,
				7FE830FA1C97FCA00076C079 /* AppDelegate+OpenViewController.swift in Sources */,
				DB1579D81C7A10B800A5F5BA /* TalkModel.swift in Sources */,
				7FA9228C1CD0BD8F0057136D /* Category.swift in Sources */,
			);
			runOnlyForDeploymentPostprocessing = 0;
		};
		DBA1C0B91C7228E2004F0C8D /* Sources */ = {
			isa = PBXSourcesBuildPhase;
			buildActionMask = 2147483647;
			files = (
				DBA1C0C21C7228E2004F0C8D /* PyConJP2016Tests.swift in Sources */,
			);
			runOnlyForDeploymentPostprocessing = 0;
		};
		DBA1C0C41C7228E2004F0C8D /* Sources */ = {
			isa = PBXSourcesBuildPhase;
			buildActionMask = 2147483647;
			files = (
				DBA1C0CD1C7228E2004F0C8D /* PyConJP2016UITests.swift in Sources */,
			);
			runOnlyForDeploymentPostprocessing = 0;
		};
/* End PBXSourcesBuildPhase section */

/* Begin PBXTargetDependency section */
		DBA1C0BF1C7228E2004F0C8D /* PBXTargetDependency */ = {
			isa = PBXTargetDependency;
			target = DBA1C0A81C7228E2004F0C8D /* PyConJP2016 */;
			targetProxy = DBA1C0BE1C7228E2004F0C8D /* PBXContainerItemProxy */;
		};
		DBA1C0CA1C7228E2004F0C8D /* PBXTargetDependency */ = {
			isa = PBXTargetDependency;
			target = DBA1C0A81C7228E2004F0C8D /* PyConJP2016 */;
			targetProxy = DBA1C0C91C7228E2004F0C8D /* PBXContainerItemProxy */;
		};
/* End PBXTargetDependency section */

/* Begin XCBuildConfiguration section */
		DBA1C0CF1C7228E2004F0C8D /* Debug */ = {
			isa = XCBuildConfiguration;
			buildSettings = {
				ALWAYS_SEARCH_USER_PATHS = NO;
				CLANG_CXX_LANGUAGE_STANDARD = "gnu++0x";
				CLANG_CXX_LIBRARY = "libc++";
				CLANG_ENABLE_MODULES = YES;
				CLANG_ENABLE_OBJC_ARC = YES;
				CLANG_WARN_BOOL_CONVERSION = YES;
				CLANG_WARN_CONSTANT_CONVERSION = YES;
				CLANG_WARN_DIRECT_OBJC_ISA_USAGE = YES_ERROR;
				CLANG_WARN_EMPTY_BODY = YES;
				CLANG_WARN_ENUM_CONVERSION = YES;
				CLANG_WARN_INT_CONVERSION = YES;
				CLANG_WARN_OBJC_ROOT_CLASS = YES_ERROR;
				CLANG_WARN_UNREACHABLE_CODE = YES;
				CLANG_WARN__DUPLICATE_METHOD_MATCH = YES;
				"CODE_SIGN_IDENTITY[sdk=iphoneos*]" = "iPhone Developer";
				COPY_PHASE_STRIP = NO;
				DEBUG_INFORMATION_FORMAT = dwarf;
				ENABLE_STRICT_OBJC_MSGSEND = YES;
				ENABLE_TESTABILITY = YES;
				GCC_C_LANGUAGE_STANDARD = gnu99;
				GCC_DYNAMIC_NO_PIC = NO;
				GCC_NO_COMMON_BLOCKS = YES;
				GCC_OPTIMIZATION_LEVEL = 0;
				GCC_PREPROCESSOR_DEFINITIONS = (
					"DEBUG=1",
					"$(inherited)",
				);
				GCC_WARN_64_TO_32_BIT_CONVERSION = YES;
				GCC_WARN_ABOUT_RETURN_TYPE = YES_ERROR;
				GCC_WARN_UNDECLARED_SELECTOR = YES;
				GCC_WARN_UNINITIALIZED_AUTOS = YES_AGGRESSIVE;
				GCC_WARN_UNUSED_FUNCTION = YES;
				GCC_WARN_UNUSED_VARIABLE = YES;
				IPHONEOS_DEPLOYMENT_TARGET = 9.2;
				MTL_ENABLE_DEBUG_INFO = YES;
				ONLY_ACTIVE_ARCH = YES;
				SDKROOT = iphoneos;
				SWIFT_OPTIMIZATION_LEVEL = "-Onone";
				TARGETED_DEVICE_FAMILY = "1,2";
			};
			name = Debug;
		};
		DBA1C0D01C7228E2004F0C8D /* Release */ = {
			isa = XCBuildConfiguration;
			buildSettings = {
				ALWAYS_SEARCH_USER_PATHS = NO;
				CLANG_CXX_LANGUAGE_STANDARD = "gnu++0x";
				CLANG_CXX_LIBRARY = "libc++";
				CLANG_ENABLE_MODULES = YES;
				CLANG_ENABLE_OBJC_ARC = YES;
				CLANG_WARN_BOOL_CONVERSION = YES;
				CLANG_WARN_CONSTANT_CONVERSION = YES;
				CLANG_WARN_DIRECT_OBJC_ISA_USAGE = YES_ERROR;
				CLANG_WARN_EMPTY_BODY = YES;
				CLANG_WARN_ENUM_CONVERSION = YES;
				CLANG_WARN_INT_CONVERSION = YES;
				CLANG_WARN_OBJC_ROOT_CLASS = YES_ERROR;
				CLANG_WARN_UNREACHABLE_CODE = YES;
				CLANG_WARN__DUPLICATE_METHOD_MATCH = YES;
				"CODE_SIGN_IDENTITY[sdk=iphoneos*]" = "iPhone Developer";
				COPY_PHASE_STRIP = NO;
				DEBUG_INFORMATION_FORMAT = "dwarf-with-dsym";
				ENABLE_NS_ASSERTIONS = NO;
				ENABLE_STRICT_OBJC_MSGSEND = YES;
				GCC_C_LANGUAGE_STANDARD = gnu99;
				GCC_NO_COMMON_BLOCKS = YES;
				GCC_WARN_64_TO_32_BIT_CONVERSION = YES;
				GCC_WARN_ABOUT_RETURN_TYPE = YES_ERROR;
				GCC_WARN_UNDECLARED_SELECTOR = YES;
				GCC_WARN_UNINITIALIZED_AUTOS = YES_AGGRESSIVE;
				GCC_WARN_UNUSED_FUNCTION = YES;
				GCC_WARN_UNUSED_VARIABLE = YES;
				IPHONEOS_DEPLOYMENT_TARGET = 9.2;
				MTL_ENABLE_DEBUG_INFO = NO;
				SDKROOT = iphoneos;
				TARGETED_DEVICE_FAMILY = "1,2";
				VALIDATE_PRODUCT = YES;
			};
			name = Release;
		};
		DBA1C0D21C7228E2004F0C8D /* Debug */ = {
			isa = XCBuildConfiguration;
			baseConfigurationReference = 30241316839D846FC4C64534 /* Pods-PyConJP2016.debug.xcconfig */;
			buildSettings = {
				ASSETCATALOG_COMPILER_APPICON_NAME = AppIcon;
				CODE_SIGN_IDENTITY = "iPhone Developer";
				"CODE_SIGN_IDENTITY[sdk=iphoneos*]" = "iPhone Developer";
				INFOPLIST_FILE = PyConJP2016/Info.plist;
				IPHONEOS_DEPLOYMENT_TARGET = 8.0;
				LD_RUNPATH_SEARCH_PATHS = "$(inherited) @executable_path/Frameworks";
				PRODUCT_BUNDLE_IDENTIFIER = yutaro.PyConJP2016;
				PRODUCT_NAME = "$(TARGET_NAME)";
				PROVISIONING_PROFILE = "";
				TARGETED_DEVICE_FAMILY = 1;
			};
			name = Debug;
		};
		DBA1C0D31C7228E2004F0C8D /* Release */ = {
			isa = XCBuildConfiguration;
			baseConfigurationReference = 7B4525E7CD6B481FCC38979C /* Pods-PyConJP2016.release.xcconfig */;
			buildSettings = {
				ASSETCATALOG_COMPILER_APPICON_NAME = AppIcon;
				CODE_SIGN_IDENTITY = "iPhone Developer";
				"CODE_SIGN_IDENTITY[sdk=iphoneos*]" = "iPhone Developer";
				INFOPLIST_FILE = PyConJP2016/Info.plist;
				IPHONEOS_DEPLOYMENT_TARGET = 8.0;
				LD_RUNPATH_SEARCH_PATHS = "$(inherited) @executable_path/Frameworks";
				PRODUCT_BUNDLE_IDENTIFIER = yutaro.PyConJP2016;
				PRODUCT_NAME = "$(TARGET_NAME)";
				PROVISIONING_PROFILE = "";
				TARGETED_DEVICE_FAMILY = 1;
			};
			name = Release;
		};
		DBA1C0D51C7228E2004F0C8D /* Debug */ = {
			isa = XCBuildConfiguration;
			baseConfigurationReference = B1A81D8527364825FA466121 /* Pods-PyConJP2016Tests.debug.xcconfig */;
			buildSettings = {
				BUNDLE_LOADER = "$(TEST_HOST)";
				INFOPLIST_FILE = PyConJP2016Tests/Info.plist;
				LD_RUNPATH_SEARCH_PATHS = "$(inherited) @executable_path/Frameworks @loader_path/Frameworks";
				PRODUCT_BUNDLE_IDENTIFIER = yutaro.PyConJP2016Tests;
				PRODUCT_NAME = "$(TARGET_NAME)";
				TEST_HOST = "$(BUILT_PRODUCTS_DIR)/PyConJP2016.app/PyConJP2016";
			};
			name = Debug;
		};
		DBA1C0D61C7228E2004F0C8D /* Release */ = {
			isa = XCBuildConfiguration;
			baseConfigurationReference = E2EB42880CF0B0E1ABE59123 /* Pods-PyConJP2016Tests.release.xcconfig */;
			buildSettings = {
				BUNDLE_LOADER = "$(TEST_HOST)";
				INFOPLIST_FILE = PyConJP2016Tests/Info.plist;
				LD_RUNPATH_SEARCH_PATHS = "$(inherited) @executable_path/Frameworks @loader_path/Frameworks";
				PRODUCT_BUNDLE_IDENTIFIER = yutaro.PyConJP2016Tests;
				PRODUCT_NAME = "$(TARGET_NAME)";
				TEST_HOST = "$(BUILT_PRODUCTS_DIR)/PyConJP2016.app/PyConJP2016";
			};
			name = Release;
		};
		DBA1C0D81C7228E2004F0C8D /* Debug */ = {
			isa = XCBuildConfiguration;
			buildSettings = {
				INFOPLIST_FILE = PyConJP2016UITests/Info.plist;
				LD_RUNPATH_SEARCH_PATHS = "$(inherited) @executable_path/Frameworks @loader_path/Frameworks";
				PRODUCT_BUNDLE_IDENTIFIER = yutaro.PyConJP2016UITests;
				PRODUCT_NAME = "$(TARGET_NAME)";
				TEST_TARGET_NAME = PyConJP2016;
				USES_XCTRUNNER = YES;
			};
			name = Debug;
		};
		DBA1C0D91C7228E2004F0C8D /* Release */ = {
			isa = XCBuildConfiguration;
			buildSettings = {
				INFOPLIST_FILE = PyConJP2016UITests/Info.plist;
				LD_RUNPATH_SEARCH_PATHS = "$(inherited) @executable_path/Frameworks @loader_path/Frameworks";
				PRODUCT_BUNDLE_IDENTIFIER = yutaro.PyConJP2016UITests;
				PRODUCT_NAME = "$(TARGET_NAME)";
				TEST_TARGET_NAME = PyConJP2016;
				USES_XCTRUNNER = YES;
			};
			name = Release;
		};
/* End XCBuildConfiguration section */

/* Begin XCConfigurationList section */
		DBA1C0A41C7228E2004F0C8D /* Build configuration list for PBXProject "PyConJP2016" */ = {
			isa = XCConfigurationList;
			buildConfigurations = (
				DBA1C0CF1C7228E2004F0C8D /* Debug */,
				DBA1C0D01C7228E2004F0C8D /* Release */,
			);
			defaultConfigurationIsVisible = 0;
			defaultConfigurationName = Release;
		};
		DBA1C0D11C7228E2004F0C8D /* Build configuration list for PBXNativeTarget "PyConJP2016" */ = {
			isa = XCConfigurationList;
			buildConfigurations = (
				DBA1C0D21C7228E2004F0C8D /* Debug */,
				DBA1C0D31C7228E2004F0C8D /* Release */,
			);
			defaultConfigurationIsVisible = 0;
			defaultConfigurationName = Release;
		};
		DBA1C0D41C7228E2004F0C8D /* Build configuration list for PBXNativeTarget "PyConJP2016Tests" */ = {
			isa = XCConfigurationList;
			buildConfigurations = (
				DBA1C0D51C7228E2004F0C8D /* Debug */,
				DBA1C0D61C7228E2004F0C8D /* Release */,
			);
			defaultConfigurationIsVisible = 0;
			defaultConfigurationName = Release;
		};
		DBA1C0D71C7228E2004F0C8D /* Build configuration list for PBXNativeTarget "PyConJP2016UITests" */ = {
			isa = XCConfigurationList;
			buildConfigurations = (
				DBA1C0D81C7228E2004F0C8D /* Debug */,
				DBA1C0D91C7228E2004F0C8D /* Release */,
			);
			defaultConfigurationIsVisible = 0;
			defaultConfigurationName = Release;
		};
/* End XCConfigurationList section */
	};
	rootObject = DBA1C0A11C7228E2004F0C8D /* Project object */;
}
