// !$*UTF8*$!
{
	archiveVersion = 1;
	classes = {
	};
	objectVersion = 46;
	objects = {

/* Begin PBXBuildFile section */
		7F1CBE9C1D52CAFA007C058D /* Language.swift in Sources */ = {isa = PBXBuildFile; fileRef = 7F1CBE931D52CAFA007C058D /* Language.swift */; };
		7F1CBE9D1D52CAFA007C058D /* Category.swift in Sources */ = {isa = PBXBuildFile; fileRef = 7F1CBE951D52CAFA007C058D /* Category.swift */; };
		7F1CBE9E1D52CAFA007C058D /* Level.swift in Sources */ = {isa = PBXBuildFile; fileRef = 7F1CBE961D52CAFA007C058D /* Level.swift */; };
		7F1CBE9F1D52CAFA007C058D /* Place.swift in Sources */ = {isa = PBXBuildFile; fileRef = 7F1CBE971D52CAFA007C058D /* Place.swift */; };
		7F1CBEA01D52CAFA007C058D /* Speaker.swift in Sources */ = {isa = PBXBuildFile; fileRef = 7F1CBE981D52CAFA007C058D /* Speaker.swift */; };
		7F1CBEA11D52CAFA007C058D /* TalkDetail.swift in Sources */ = {isa = PBXBuildFile; fileRef = 7F1CBE991D52CAFA007C058D /* TalkDetail.swift */; };
		7F1CBEA21D52CAFA007C058D /* Timeline.swift in Sources */ = {isa = PBXBuildFile; fileRef = 7F1CBE9A1D52CAFA007C058D /* Timeline.swift */; };
		7F1CBEA41D52CB3C007C058D /* PyConJPDate.swift in Sources */ = {isa = PBXBuildFile; fileRef = 7F1CBEA31D52CB3C007C058D /* PyConJPDate.swift */; };
		7F201B861CCDD8C200235412 /* AboutViewController.swift in Sources */ = {isa = PBXBuildFile; fileRef = 7F201B851CCDD8C200235412 /* AboutViewController.swift */; };
		7F23AD441D656B8E0066771B /* AlamofireType.swift in Sources */ = {isa = PBXBuildFile; fileRef = 7F23AD411D656B8E0066771B /* AlamofireType.swift */; };
		7F23AD451D656B8E0066771B /* TalkDetailAPIType.swift in Sources */ = {isa = PBXBuildFile; fileRef = 7F23AD421D656B8E0066771B /* TalkDetailAPIType.swift */; };
		7F23AD461D656B8E0066771B /* TalksAPIType.swift in Sources */ = {isa = PBXBuildFile; fileRef = 7F23AD431D656B8E0066771B /* TalksAPIType.swift */; };
		7F2B717B1D653F49006A60BC /* TalkTableViewCell.swift in Sources */ = {isa = PBXBuildFile; fileRef = 7F2B71791D653F49006A60BC /* TalkTableViewCell.swift */; };
		7F2B717C1D653F49006A60BC /* TalkTableViewCell.xib in Resources */ = {isa = PBXBuildFile; fileRef = 7F2B717A1D653F49006A60BC /* TalkTableViewCell.xib */; };
		7F2B717F1D654D44006A60BC /* BookmarkListViewController.swift in Sources */ = {isa = PBXBuildFile; fileRef = 7F2B717E1D654D44006A60BC /* BookmarkListViewController.swift */; };
		7F52375D1D65917500C5A048 /* RealmTalksType.swift in Sources */ = {isa = PBXBuildFile; fileRef = 7F52375C1D65917500C5A048 /* RealmTalksType.swift */; };
		7F6879031D41BE28003D5742 /* ArrayExtention.swift in Sources */ = {isa = PBXBuildFile; fileRef = 7F6879021D41BE28003D5742 /* ArrayExtention.swift */; };
		7F6879051D420626003D5742 /* StringExtention.swift in Sources */ = {isa = PBXBuildFile; fileRef = 7F6879041D420626003D5742 /* StringExtention.swift */; };
		7F82F6A01C8D4B62004EAC0E /* SchedulePageViewController.swift in Sources */ = {isa = PBXBuildFile; fileRef = 7F82F69F1C8D4B62004EAC0E /* SchedulePageViewController.swift */; };
		7F82F6A21C8D4B9A004EAC0E /* ScheduleModelController.swift in Sources */ = {isa = PBXBuildFile; fileRef = 7F82F6A11C8D4B9A004EAC0E /* ScheduleModelController.swift */; };
		7F82F6A41C8D4BF9004EAC0E /* ScheduleDateViewController.swift in Sources */ = {isa = PBXBuildFile; fileRef = 7F82F6A31C8D4BF9004EAC0E /* ScheduleDateViewController.swift */; };
		7F82F6A61C8D4C3D004EAC0E /* ScheduleBaseViewController.swift in Sources */ = {isa = PBXBuildFile; fileRef = 7F82F6A51C8D4C3D004EAC0E /* ScheduleBaseViewController.swift */; };
		7F82F6A81C8D4CF3004EAC0E /* ScheduleListViewController.swift in Sources */ = {isa = PBXBuildFile; fileRef = 7F82F6A71C8D4CF3004EAC0E /* ScheduleListViewController.swift */; };
		7F8443CE1D50320400A0BCBA /* UIViewExtention.swift in Sources */ = {isa = PBXBuildFile; fileRef = 7F8443CD1D50320400A0BCBA /* UIViewExtention.swift */; };
		7FB4D3031D542DD2005F314E /* FloorMapListViewController.swift in Sources */ = {isa = PBXBuildFile; fileRef = 7FB4D3021D542DD2005F314E /* FloorMapListViewController.swift */; };
		7FB4D3051D5433CA005F314E /* DetailImageViewController.swift in Sources */ = {isa = PBXBuildFile; fileRef = 7FB4D3041D5433CA005F314E /* DetailImageViewController.swift */; };
		7FB4D3071D5434E2005F314E /* FloorMapImageViewController.swift in Sources */ = {isa = PBXBuildFile; fileRef = 7FB4D3061D5434E2005F314E /* FloorMapImageViewController.swift */; };
		7FB4D3091D544333005F314E /* LibraryListViewController.swift in Sources */ = {isa = PBXBuildFile; fileRef = 7FB4D3081D544333005F314E /* LibraryListViewController.swift */; };
		7FB4D3101D546269005F314E /* CustomImageView.swift in Sources */ = {isa = PBXBuildFile; fileRef = 7FB4D30F1D546269005F314E /* CustomImageView.swift */; };
		7FBC34CF1D40F956002919B1 /* AppDelegate.swift in Sources */ = {isa = PBXBuildFile; fileRef = 7FBC34CE1D40F956002919B1 /* AppDelegate.swift */; };
		7FBC34D11D40F98D002919B1 /* AppConfig.swift in Sources */ = {isa = PBXBuildFile; fileRef = 7FBC34D01D40F98D002919B1 /* AppConfig.swift */; };
		7FFB733E1C915B6E006FB375 /* MapViewController.swift in Sources */ = {isa = PBXBuildFile; fileRef = 7FFB733D1C915B6D006FB375 /* MapViewController.swift */; };
		7FFB73401C9162C2006FB375 /* MapKit.framework in Frameworks */ = {isa = PBXBuildFile; fileRef = 7FFB733F1C9162C2006FB375 /* MapKit.framework */; };
		7FFF87EE1D5AF2070093E316 /* Result.swift in Sources */ = {isa = PBXBuildFile; fileRef = 7FFF87ED1D5AF2070093E316 /* Result.swift */; };
		954B7D7AE17B5936AC1F49FC /* Pods_PyConJP2016Tests.framework in Frameworks */ = {isa = PBXBuildFile; fileRef = A1BDDC1CABB963F52098EAB7 /* Pods_PyConJP2016Tests.framework */; };
		C832600FD904D3FFADAA174C /* Pods_PyConJP2016.framework in Frameworks */ = {isa = PBXBuildFile; fileRef = 7952AFBF6B014E7BBED90FE3 /* Pods_PyConJP2016.framework */; };
		DB0159D31D4DB7B500B17018 /* PCJWKWebViewController.swift in Sources */ = {isa = PBXBuildFile; fileRef = DB0159D11D4DB7B500B17018 /* PCJWKWebViewController.swift */; };
		DB0206881D4FB8430067C94B /* LocalNotificationManager.swift in Sources */ = {isa = PBXBuildFile; fileRef = DB0206851D4FB8430067C94B /* LocalNotificationManager.swift */; };
		DB0206891D4FB8430067C94B /* ReceiveLocalNotificationManager.swift in Sources */ = {isa = PBXBuildFile; fileRef = DB0206861D4FB8430067C94B /* ReceiveLocalNotificationManager.swift */; };
		DB03ADAB1D5CD25400AB0713 /* Bookmark.storyboard in Resources */ = {isa = PBXBuildFile; fileRef = DB03ADAA1D5CD25400AB0713 /* Bookmark.storyboard */; };
		DB0A81651D463A4E0048ACB4 /* DummyTalks.json in Resources */ = {isa = PBXBuildFile; fileRef = DB0A81641D463A4E0048ACB4 /* DummyTalks.json */; };
		DB0A81671D463A710048ACB4 /* DummyTalkDetail.json in Resources */ = {isa = PBXBuildFile; fileRef = DB0A81661D463A710048ACB4 /* DummyTalkDetail.json */; };
		DB1347E01CCB27D900CA0539 /* ErrorAlertType.swift in Sources */ = {isa = PBXBuildFile; fileRef = DB1347DF1CCB27D900CA0539 /* ErrorAlertType.swift */; };
		DB23836E1D563BFE00DA5376 /* Room.swift in Sources */ = {isa = PBXBuildFile; fileRef = DB23836D1D563BFE00DA5376 /* Room.swift */; };
		DB3146B71C7C7C6600AA7333 /* TalkDetailViewController.swift in Sources */ = {isa = PBXBuildFile; fileRef = DB3146B61C7C7C6600AA7333 /* TalkDetailViewController.swift */; };
		DB3A77AE1D5631A400C25D8D /* TalkObject.swift in Sources */ = {isa = PBXBuildFile; fileRef = DB3A77AD1D5631A400C25D8D /* TalkObject.swift */; };
		DB3A77B01D5631F200C25D8D /* Talk.swift in Sources */ = {isa = PBXBuildFile; fileRef = DB3A77AF1D5631F200C25D8D /* Talk.swift */; };
		DB5D5A851C72346C00CEF0CD /* Schedule.storyboard in Resources */ = {isa = PBXBuildFile; fileRef = DB5D5A841C72346C00CEF0CD /* Schedule.storyboard */; };
		DB8C1B041D5392BE00221F36 /* MapListViewController.swift in Sources */ = {isa = PBXBuildFile; fileRef = DB8C1B031D5392BE00221F36 /* MapListViewController.swift */; };
		DBA1C0B41C7228E2004F0C8D /* Assets.xcassets in Resources */ = {isa = PBXBuildFile; fileRef = DBA1C0B31C7228E2004F0C8D /* Assets.xcassets */; };
		DBA1C0C21C7228E2004F0C8D /* PyConJP2016Tests.swift in Sources */ = {isa = PBXBuildFile; fileRef = DBA1C0C11C7228E2004F0C8D /* PyConJP2016Tests.swift */; };
		DBA1C0CD1C7228E2004F0C8D /* PyConJP2016UITests.swift in Sources */ = {isa = PBXBuildFile; fileRef = DBA1C0CC1C7228E2004F0C8D /* PyConJP2016UITests.swift */; };
		DBA1C0DF1C722E99004F0C8D /* LaunchScreen.storyboard in Resources */ = {isa = PBXBuildFile; fileRef = DBA1C0DD1C722E99004F0C8D /* LaunchScreen.storyboard */; };
		DBA1C0E01C722E99004F0C8D /* Main.storyboard in Resources */ = {isa = PBXBuildFile; fileRef = DBA1C0DE1C722E99004F0C8D /* Main.storyboard */; };
		DBB2538B1CCB700400AA17C8 /* UIColorExtension.swift in Sources */ = {isa = PBXBuildFile; fileRef = DBB2538A1CCB700400AA17C8 /* UIColorExtension.swift */; };
		DBC748181C76254000895D4A /* BaseTabBarController.swift in Sources */ = {isa = PBXBuildFile; fileRef = DBC748171C76254000895D4A /* BaseTabBarController.swift */; };
		DBDE0E7C1C8C19F50094BF36 /* More.storyboard in Resources */ = {isa = PBXBuildFile; fileRef = DBDE0E7B1C8C19F50094BF36 /* More.storyboard */; };
		DBEBDB481C8C89FC002B25B3 /* MoreViewController.swift in Sources */ = {isa = PBXBuildFile; fileRef = DBEBDB471C8C89FC002B25B3 /* MoreViewController.swift */; };
		DBF32BB51CD48C4C004E7F3B /* AppDelegateExtention.swift in Sources */ = {isa = PBXBuildFile; fileRef = DBF32BB41CD48C4C004E7F3B /* AppDelegateExtention.swift */; };
		DBFAEC551D3CF7AD00BCC880 /* NSDateExtension.swift in Sources */ = {isa = PBXBuildFile; fileRef = DBFAEC541D3CF7AD00BCC880 /* NSDateExtension.swift */; };
		DBFE922E1D66136B00327F74 /* BookmarkListDataSource.swift in Sources */ = {isa = PBXBuildFile; fileRef = DBFE922B1D66136B00327F74 /* BookmarkListDataSource.swift */; };
		DBFE922F1D66136B00327F74 /* ScheduleListDataSource.swift in Sources */ = {isa = PBXBuildFile; fileRef = DBFE922D1D66136B00327F74 /* ScheduleListDataSource.swift */; };
		DBFE92311D6613C300327F74 /* TimelineDataSource.swift in Sources */ = {isa = PBXBuildFile; fileRef = DBFE92301D6613C300327F74 /* TimelineDataSource.swift */; };
/* End PBXBuildFile section */

/* Begin PBXContainerItemProxy section */
		DBA1C0BE1C7228E2004F0C8D /* PBXContainerItemProxy */ = {
			isa = PBXContainerItemProxy;
			containerPortal = DBA1C0A11C7228E2004F0C8D /* Project object */;
			proxyType = 1;
			remoteGlobalIDString = DBA1C0A81C7228E2004F0C8D;
			remoteInfo = PyConJP2016;
		};
		DBA1C0C91C7228E2004F0C8D /* PBXContainerItemProxy */ = {
			isa = PBXContainerItemProxy;
			containerPortal = DBA1C0A11C7228E2004F0C8D /* Project object */;
			proxyType = 1;
			remoteGlobalIDString = DBA1C0A81C7228E2004F0C8D;
			remoteInfo = PyConJP2016;
		};
/* End PBXContainerItemProxy section */

/* Begin PBXFileReference section */
		30241316839D846FC4C64534 /* Pods-PyConJP2016.debug.xcconfig */ = {isa = PBXFileReference; includeInIndex = 1; lastKnownFileType = text.xcconfig; name = "Pods-PyConJP2016.debug.xcconfig"; path = "Pods/Target Support Files/Pods-PyConJP2016/Pods-PyConJP2016.debug.xcconfig"; sourceTree = "<group>"; };
		7952AFBF6B014E7BBED90FE3 /* Pods_PyConJP2016.framework */ = {isa = PBXFileReference; explicitFileType = wrapper.framework; includeInIndex = 0; path = Pods_PyConJP2016.framework; sourceTree = BUILT_PRODUCTS_DIR; };
		7B4525E7CD6B481FCC38979C /* Pods-PyConJP2016.release.xcconfig */ = {isa = PBXFileReference; includeInIndex = 1; lastKnownFileType = text.xcconfig; name = "Pods-PyConJP2016.release.xcconfig"; path = "Pods/Target Support Files/Pods-PyConJP2016/Pods-PyConJP2016.release.xcconfig"; sourceTree = "<group>"; };
		7F1CBE931D52CAFA007C058D /* Language.swift */ = {isa = PBXFileReference; fileEncoding = 4; lastKnownFileType = sourcecode.swift; path = Language.swift; sourceTree = "<group>"; };
		7F1CBE951D52CAFA007C058D /* Category.swift */ = {isa = PBXFileReference; fileEncoding = 4; lastKnownFileType = sourcecode.swift; path = Category.swift; sourceTree = "<group>"; };
		7F1CBE961D52CAFA007C058D /* Level.swift */ = {isa = PBXFileReference; fileEncoding = 4; lastKnownFileType = sourcecode.swift; path = Level.swift; sourceTree = "<group>"; };
		7F1CBE971D52CAFA007C058D /* Place.swift */ = {isa = PBXFileReference; fileEncoding = 4; lastKnownFileType = sourcecode.swift; path = Place.swift; sourceTree = "<group>"; };
		7F1CBE981D52CAFA007C058D /* Speaker.swift */ = {isa = PBXFileReference; fileEncoding = 4; lastKnownFileType = sourcecode.swift; path = Speaker.swift; sourceTree = "<group>"; };
		7F1CBE991D52CAFA007C058D /* TalkDetail.swift */ = {isa = PBXFileReference; fileEncoding = 4; lastKnownFileType = sourcecode.swift; path = TalkDetail.swift; sourceTree = "<group>"; };
		7F1CBE9A1D52CAFA007C058D /* Timeline.swift */ = {isa = PBXFileReference; fileEncoding = 4; lastKnownFileType = sourcecode.swift; path = Timeline.swift; sourceTree = "<group>"; };
		7F1CBEA31D52CB3C007C058D /* PyConJPDate.swift */ = {isa = PBXFileReference; fileEncoding = 4; lastKnownFileType = sourcecode.swift; path = PyConJPDate.swift; sourceTree = "<group>"; };
		7F201B851CCDD8C200235412 /* AboutViewController.swift */ = {isa = PBXFileReference; fileEncoding = 4; lastKnownFileType = sourcecode.swift; path = AboutViewController.swift; sourceTree = "<group>"; };
		7F23AD411D656B8E0066771B /* AlamofireType.swift */ = {isa = PBXFileReference; fileEncoding = 4; lastKnownFileType = sourcecode.swift; path = AlamofireType.swift; sourceTree = "<group>"; };
		7F23AD421D656B8E0066771B /* TalkDetailAPIType.swift */ = {isa = PBXFileReference; fileEncoding = 4; lastKnownFileType = sourcecode.swift; path = TalkDetailAPIType.swift; sourceTree = "<group>"; };
		7F23AD431D656B8E0066771B /* TalksAPIType.swift */ = {isa = PBXFileReference; fileEncoding = 4; lastKnownFileType = sourcecode.swift; path = TalksAPIType.swift; sourceTree = "<group>"; };
		7F2B71791D653F49006A60BC /* TalkTableViewCell.swift */ = {isa = PBXFileReference; fileEncoding = 4; lastKnownFileType = sourcecode.swift; path = TalkTableViewCell.swift; sourceTree = "<group>"; };
		7F2B717A1D653F49006A60BC /* TalkTableViewCell.xib */ = {isa = PBXFileReference; fileEncoding = 4; lastKnownFileType = file.xib; path = TalkTableViewCell.xib; sourceTree = "<group>"; };
		7F2B717E1D654D44006A60BC /* BookmarkListViewController.swift */ = {isa = PBXFileReference; fileEncoding = 4; lastKnownFileType = sourcecode.swift; path = BookmarkListViewController.swift; sourceTree = "<group>"; };
		7F52375C1D65917500C5A048 /* RealmTalksType.swift */ = {isa = PBXFileReference; fileEncoding = 4; lastKnownFileType = sourcecode.swift; path = RealmTalksType.swift; sourceTree = "<group>"; };
		7F6879021D41BE28003D5742 /* ArrayExtention.swift */ = {isa = PBXFileReference; fileEncoding = 4; lastKnownFileType = sourcecode.swift; path = ArrayExtention.swift; sourceTree = "<group>"; };
		7F6879041D420626003D5742 /* StringExtention.swift */ = {isa = PBXFileReference; fileEncoding = 4; lastKnownFileType = sourcecode.swift; path = StringExtention.swift; sourceTree = "<group>"; };
		7F82F69F1C8D4B62004EAC0E /* SchedulePageViewController.swift */ = {isa = PBXFileReference; fileEncoding = 4; lastKnownFileType = sourcecode.swift; path = SchedulePageViewController.swift; sourceTree = "<group>"; };
		7F82F6A11C8D4B9A004EAC0E /* ScheduleModelController.swift */ = {isa = PBXFileReference; fileEncoding = 4; lastKnownFileType = sourcecode.swift; path = ScheduleModelController.swift; sourceTree = "<group>"; };
		7F82F6A31C8D4BF9004EAC0E /* ScheduleDateViewController.swift */ = {isa = PBXFileReference; fileEncoding = 4; lastKnownFileType = sourcecode.swift; path = ScheduleDateViewController.swift; sourceTree = "<group>"; };
		7F82F6A51C8D4C3D004EAC0E /* ScheduleBaseViewController.swift */ = {isa = PBXFileReference; fileEncoding = 4; lastKnownFileType = sourcecode.swift; path = ScheduleBaseViewController.swift; sourceTree = "<group>"; };
		7F82F6A71C8D4CF3004EAC0E /* ScheduleListViewController.swift */ = {isa = PBXFileReference; fileEncoding = 4; lastKnownFileType = sourcecode.swift; path = ScheduleListViewController.swift; sourceTree = "<group>"; };
		7F8443CD1D50320400A0BCBA /* UIViewExtention.swift */ = {isa = PBXFileReference; fileEncoding = 4; lastKnownFileType = sourcecode.swift; path = UIViewExtention.swift; sourceTree = "<group>"; };
		7FB4D3021D542DD2005F314E /* FloorMapListViewController.swift */ = {isa = PBXFileReference; fileEncoding = 4; lastKnownFileType = sourcecode.swift; path = FloorMapListViewController.swift; sourceTree = "<group>"; };
		7FB4D3041D5433CA005F314E /* DetailImageViewController.swift */ = {isa = PBXFileReference; fileEncoding = 4; lastKnownFileType = sourcecode.swift; path = DetailImageViewController.swift; sourceTree = "<group>"; };
		7FB4D3061D5434E2005F314E /* FloorMapImageViewController.swift */ = {isa = PBXFileReference; fileEncoding = 4; lastKnownFileType = sourcecode.swift; path = FloorMapImageViewController.swift; sourceTree = "<group>"; };
		7FB4D3081D544333005F314E /* LibraryListViewController.swift */ = {isa = PBXFileReference; fileEncoding = 4; lastKnownFileType = sourcecode.swift; path = LibraryListViewController.swift; sourceTree = "<group>"; };
		7FB4D30F1D546269005F314E /* CustomImageView.swift */ = {isa = PBXFileReference; fileEncoding = 4; lastKnownFileType = sourcecode.swift; path = CustomImageView.swift; sourceTree = "<group>"; };
		7FBC34CE1D40F956002919B1 /* AppDelegate.swift */ = {isa = PBXFileReference; fileEncoding = 4; lastKnownFileType = sourcecode.swift; path = AppDelegate.swift; sourceTree = "<group>"; };
		7FBC34D01D40F98D002919B1 /* AppConfig.swift */ = {isa = PBXFileReference; fileEncoding = 4; lastKnownFileType = sourcecode.swift; path = AppConfig.swift; sourceTree = "<group>"; };
		7FFB733D1C915B6D006FB375 /* MapViewController.swift */ = {isa = PBXFileReference; fileEncoding = 4; lastKnownFileType = sourcecode.swift; path = MapViewController.swift; sourceTree = "<group>"; };
		7FFB733F1C9162C2006FB375 /* MapKit.framework */ = {isa = PBXFileReference; lastKnownFileType = wrapper.framework; name = MapKit.framework; path = System/Library/Frameworks/MapKit.framework; sourceTree = SDKROOT; };
		7FFF87ED1D5AF2070093E316 /* Result.swift */ = {isa = PBXFileReference; fileEncoding = 4; lastKnownFileType = sourcecode.swift; path = Result.swift; sourceTree = "<group>"; };
		A1BDDC1CABB963F52098EAB7 /* Pods_PyConJP2016Tests.framework */ = {isa = PBXFileReference; explicitFileType = wrapper.framework; includeInIndex = 0; path = Pods_PyConJP2016Tests.framework; sourceTree = BUILT_PRODUCTS_DIR; };
		B1A81D8527364825FA466121 /* Pods-PyConJP2016Tests.debug.xcconfig */ = {isa = PBXFileReference; includeInIndex = 1; lastKnownFileType = text.xcconfig; name = "Pods-PyConJP2016Tests.debug.xcconfig"; path = "Pods/Target Support Files/Pods-PyConJP2016Tests/Pods-PyConJP2016Tests.debug.xcconfig"; sourceTree = "<group>"; };
		DB0159D11D4DB7B500B17018 /* PCJWKWebViewController.swift */ = {isa = PBXFileReference; fileEncoding = 4; lastKnownFileType = sourcecode.swift; path = PCJWKWebViewController.swift; sourceTree = "<group>"; };
		DB0206851D4FB8430067C94B /* LocalNotificationManager.swift */ = {isa = PBXFileReference; fileEncoding = 4; lastKnownFileType = sourcecode.swift; path = LocalNotificationManager.swift; sourceTree = "<group>"; };
		DB0206861D4FB8430067C94B /* ReceiveLocalNotificationManager.swift */ = {isa = PBXFileReference; fileEncoding = 4; lastKnownFileType = sourcecode.swift; path = ReceiveLocalNotificationManager.swift; sourceTree = "<group>"; };
		DB03ADAA1D5CD25400AB0713 /* Bookmark.storyboard */ = {isa = PBXFileReference; fileEncoding = 4; lastKnownFileType = file.storyboard; path = Bookmark.storyboard; sourceTree = "<group>"; };
		DB0A81641D463A4E0048ACB4 /* DummyTalks.json */ = {isa = PBXFileReference; fileEncoding = 4; lastKnownFileType = text.json; path = DummyTalks.json; sourceTree = "<group>"; };
		DB0A81661D463A710048ACB4 /* DummyTalkDetail.json */ = {isa = PBXFileReference; fileEncoding = 4; lastKnownFileType = text.json; path = DummyTalkDetail.json; sourceTree = "<group>"; };
		DB1347DF1CCB27D900CA0539 /* ErrorAlertType.swift */ = {isa = PBXFileReference; fileEncoding = 4; lastKnownFileType = sourcecode.swift; path = ErrorAlertType.swift; sourceTree = "<group>"; };
		DB23836D1D563BFE00DA5376 /* Room.swift */ = {isa = PBXFileReference; fileEncoding = 4; lastKnownFileType = sourcecode.swift; path = Room.swift; sourceTree = "<group>"; };
		DB3146B61C7C7C6600AA7333 /* TalkDetailViewController.swift */ = {isa = PBXFileReference; fileEncoding = 4; lastKnownFileType = sourcecode.swift; path = TalkDetailViewController.swift; sourceTree = "<group>"; };
		DB3A77AD1D5631A400C25D8D /* TalkObject.swift */ = {isa = PBXFileReference; fileEncoding = 4; lastKnownFileType = sourcecode.swift; path = TalkObject.swift; sourceTree = "<group>"; };
		DB3A77AF1D5631F200C25D8D /* Talk.swift */ = {isa = PBXFileReference; fileEncoding = 4; lastKnownFileType = sourcecode.swift; path = Talk.swift; sourceTree = "<group>"; };
		DB5D5A841C72346C00CEF0CD /* Schedule.storyboard */ = {isa = PBXFileReference; fileEncoding = 4; lastKnownFileType = file.storyboard; path = Schedule.storyboard; sourceTree = "<group>"; };
		DB8C1B031D5392BE00221F36 /* MapListViewController.swift */ = {isa = PBXFileReference; fileEncoding = 4; lastKnownFileType = sourcecode.swift; path = MapListViewController.swift; sourceTree = "<group>"; };
		DBA1C0A91C7228E2004F0C8D /* PyConJP2016.app */ = {isa = PBXFileReference; explicitFileType = wrapper.application; includeInIndex = 0; path = PyConJP2016.app; sourceTree = BUILT_PRODUCTS_DIR; };
		DBA1C0B31C7228E2004F0C8D /* Assets.xcassets */ = {isa = PBXFileReference; lastKnownFileType = folder.assetcatalog; path = Assets.xcassets; sourceTree = "<group>"; };
		DBA1C0B81C7228E2004F0C8D /* Info.plist */ = {isa = PBXFileReference; lastKnownFileType = text.plist.xml; path = Info.plist; sourceTree = "<group>"; };
		DBA1C0BD1C7228E2004F0C8D /* PyConJP2016Tests.xctest */ = {isa = PBXFileReference; explicitFileType = wrapper.cfbundle; includeInIndex = 0; path = PyConJP2016Tests.xctest; sourceTree = BUILT_PRODUCTS_DIR; };
		DBA1C0C11C7228E2004F0C8D /* PyConJP2016Tests.swift */ = {isa = PBXFileReference; lastKnownFileType = sourcecode.swift; path = PyConJP2016Tests.swift; sourceTree = "<group>"; };
		DBA1C0C31C7228E2004F0C8D /* Info.plist */ = {isa = PBXFileReference; lastKnownFileType = text.plist.xml; path = Info.plist; sourceTree = "<group>"; };
		DBA1C0C81C7228E2004F0C8D /* PyConJP2016UITests.xctest */ = {isa = PBXFileReference; explicitFileType = wrapper.cfbundle; includeInIndex = 0; path = PyConJP2016UITests.xctest; sourceTree = BUILT_PRODUCTS_DIR; };
		DBA1C0CC1C7228E2004F0C8D /* PyConJP2016UITests.swift */ = {isa = PBXFileReference; lastKnownFileType = sourcecode.swift; path = PyConJP2016UITests.swift; sourceTree = "<group>"; };
		DBA1C0CE1C7228E2004F0C8D /* Info.plist */ = {isa = PBXFileReference; lastKnownFileType = text.plist.xml; path = Info.plist; sourceTree = "<group>"; };
		DBA1C0DD1C722E99004F0C8D /* LaunchScreen.storyboard */ = {isa = PBXFileReference; fileEncoding = 4; lastKnownFileType = file.storyboard; path = LaunchScreen.storyboard; sourceTree = "<group>"; };
		DBA1C0DE1C722E99004F0C8D /* Main.storyboard */ = {isa = PBXFileReference; fileEncoding = 4; lastKnownFileType = file.storyboard; path = Main.storyboard; sourceTree = "<group>"; };
		DBB2538A1CCB700400AA17C8 /* UIColorExtension.swift */ = {isa = PBXFileReference; fileEncoding = 4; lastKnownFileType = sourcecode.swift; path = UIColorExtension.swift; sourceTree = "<group>"; };
		DBC748171C76254000895D4A /* BaseTabBarController.swift */ = {isa = PBXFileReference; fileEncoding = 4; lastKnownFileType = sourcecode.swift; path = BaseTabBarController.swift; sourceTree = "<group>"; };
		DBDE0E7B1C8C19F50094BF36 /* More.storyboard */ = {isa = PBXFileReference; fileEncoding = 4; lastKnownFileType = file.storyboard; path = More.storyboard; sourceTree = "<group>"; };
		DBEBDB471C8C89FC002B25B3 /* MoreViewController.swift */ = {isa = PBXFileReference; fileEncoding = 4; lastKnownFileType = sourcecode.swift; path = MoreViewController.swift; sourceTree = "<group>"; };
		DBF32BB41CD48C4C004E7F3B /* AppDelegateExtention.swift */ = {isa = PBXFileReference; fileEncoding = 4; lastKnownFileType = sourcecode.swift; path = AppDelegateExtention.swift; sourceTree = "<group>"; };
		DBFAEC541D3CF7AD00BCC880 /* NSDateExtension.swift */ = {isa = PBXFileReference; fileEncoding = 4; lastKnownFileType = sourcecode.swift; path = NSDateExtension.swift; sourceTree = "<group>"; };
		DBFE922B1D66136B00327F74 /* BookmarkListDataSource.swift */ = {isa = PBXFileReference; fileEncoding = 4; lastKnownFileType = sourcecode.swift; path = BookmarkListDataSource.swift; sourceTree = "<group>"; };
		DBFE922D1D66136B00327F74 /* ScheduleListDataSource.swift */ = {isa = PBXFileReference; fileEncoding = 4; lastKnownFileType = sourcecode.swift; path = ScheduleListDataSource.swift; sourceTree = "<group>"; };
		DBFE92301D6613C300327F74 /* TimelineDataSource.swift */ = {isa = PBXFileReference; fileEncoding = 4; lastKnownFileType = sourcecode.swift; path = TimelineDataSource.swift; sourceTree = "<group>"; };
		E2EB42880CF0B0E1ABE59123 /* Pods-PyConJP2016Tests.release.xcconfig */ = {isa = PBXFileReference; includeInIndex = 1; lastKnownFileType = text.xcconfig; name = "Pods-PyConJP2016Tests.release.xcconfig"; path = "Pods/Target Support Files/Pods-PyConJP2016Tests/Pods-PyConJP2016Tests.release.xcconfig"; sourceTree = "<group>"; };
/* End PBXFileReference section */

/* Begin PBXFrameworksBuildPhase section */
		DBA1C0A61C7228E2004F0C8D /* Frameworks */ = {
			isa = PBXFrameworksBuildPhase;
			buildActionMask = 2147483647;
			files = (
				7FFB73401C9162C2006FB375 /* MapKit.framework in Frameworks */,
				C832600FD904D3FFADAA174C /* Pods_PyConJP2016.framework in Frameworks */,
			);
			runOnlyForDeploymentPostprocessing = 0;
		};
		DBA1C0BA1C7228E2004F0C8D /* Frameworks */ = {
			isa = PBXFrameworksBuildPhase;
			buildActionMask = 2147483647;
			files = (
				954B7D7AE17B5936AC1F49FC /* Pods_PyConJP2016Tests.framework in Frameworks */,
			);
			runOnlyForDeploymentPostprocessing = 0;
		};
		DBA1C0C51C7228E2004F0C8D /* Frameworks */ = {
			isa = PBXFrameworksBuildPhase;
			buildActionMask = 2147483647;
			files = (
			);
			runOnlyForDeploymentPostprocessing = 0;
		};
/* End PBXFrameworksBuildPhase section */

/* Begin PBXGroup section */
		0EC7DFA7A1F2C68AE3E46B7C /* Pods */ = {
			isa = PBXGroup;
			children = (
				30241316839D846FC4C64534 /* Pods-PyConJP2016.debug.xcconfig */,
				7B4525E7CD6B481FCC38979C /* Pods-PyConJP2016.release.xcconfig */,
				B1A81D8527364825FA466121 /* Pods-PyConJP2016Tests.debug.xcconfig */,
				E2EB42880CF0B0E1ABE59123 /* Pods-PyConJP2016Tests.release.xcconfig */,
			);
			name = Pods;
			sourceTree = "<group>";
		};
		7F1CBE901D52CAFA007C058D /* Class */ = {
			isa = PBXGroup;
			children = (
				DB3A77AD1D5631A400C25D8D /* TalkObject.swift */,
			);
			path = Class;
			sourceTree = "<group>";
		};
		7F1CBE921D52CAFA007C058D /* Enum */ = {
			isa = PBXGroup;
			children = (
				7F1CBE931D52CAFA007C058D /* Language.swift */,
				7F1CBEA31D52CB3C007C058D /* PyConJPDate.swift */,
				DB23836D1D563BFE00DA5376 /* Room.swift */,
				7FFF87ED1D5AF2070093E316 /* Result.swift */,
			);
			path = Enum;
			sourceTree = "<group>";
		};
		7F1CBE941D52CAFA007C058D /* Struct */ = {
			isa = PBXGroup;
			children = (
				DB3A77AF1D5631F200C25D8D /* Talk.swift */,
				7F1CBE951D52CAFA007C058D /* Category.swift */,
				7F1CBE961D52CAFA007C058D /* Level.swift */,
				7F1CBE971D52CAFA007C058D /* Place.swift */,
				7F1CBE981D52CAFA007C058D /* Speaker.swift */,
				7F1CBE991D52CAFA007C058D /* TalkDetail.swift */,
				7F1CBE9A1D52CAFA007C058D /* Timeline.swift */,
			);
			path = Struct;
			sourceTree = "<group>";
		};
		7F23AD401D656B8E0066771B /* Alamofire */ = {
			isa = PBXGroup;
			children = (
				7F23AD411D656B8E0066771B /* AlamofireType.swift */,
				7F23AD421D656B8E0066771B /* TalkDetailAPIType.swift */,
				7F23AD431D656B8E0066771B /* TalksAPIType.swift */,
			);
			path = Alamofire;
			sourceTree = "<group>";
		};
		7F2B717D1D654D30006A60BC /* Bookmark */ = {
			isa = PBXGroup;
			children = (
				7F2B717E1D654D44006A60BC /* BookmarkListViewController.swift */,
			);
			path = Bookmark;
			sourceTree = "<group>";
		};
		7F5237591D6590D900C5A048 /* Realm */ = {
			isa = PBXGroup;
			children = (
				7F52375C1D65917500C5A048 /* RealmTalksType.swift */,
			);
			path = Realm;
			sourceTree = "<group>";
		};
		7F67D1F71C8D4AD2001C8F9C /* Schedule */ = {
			isa = PBXGroup;
			children = (
				7F82F69F1C8D4B62004EAC0E /* SchedulePageViewController.swift */,
				7F82F6A11C8D4B9A004EAC0E /* ScheduleModelController.swift */,
				7F82F6A31C8D4BF9004EAC0E /* ScheduleDateViewController.swift */,
				7F82F6A51C8D4C3D004EAC0E /* ScheduleBaseViewController.swift */,
				7F82F6A71C8D4CF3004EAC0E /* ScheduleListViewController.swift */,
			);
			path = Schedule;
			sourceTree = "<group>";
		};
		7FB4D30E1D546240005F314E /* View */ = {
			isa = PBXGroup;
			children = (
				7F2B71791D653F49006A60BC /* TalkTableViewCell.swift */,
				7F2B717A1D653F49006A60BC /* TalkTableViewCell.xib */,
				7FB4D30F1D546269005F314E /* CustomImageView.swift */,
			);
			path = View;
			sourceTree = "<group>";
		};
		7FBC34CD1D40F956002919B1 /* Application */ = {
			isa = PBXGroup;
			children = (
				7FBC34CE1D40F956002919B1 /* AppDelegate.swift */,
				7FBC34D01D40F98D002919B1 /* AppConfig.swift */,
			);
			path = Application;
			sourceTree = "<group>";
		};
		7FC773BC1D126A1600F5A202 /* DataSource */ = {
			isa = PBXGroup;
			children = (
				DBFE92291D66136B00327F74 /* Timeline */,
			);
			path = DataSource;
			sourceTree = "<group>";
		};
		BB6F29A77E8682EFE6C9DA97 /* Frameworks */ = {
			isa = PBXGroup;
			children = (
				7952AFBF6B014E7BBED90FE3 /* Pods_PyConJP2016.framework */,
				A1BDDC1CABB963F52098EAB7 /* Pods_PyConJP2016Tests.framework */,
			);
			name = Frameworks;
			sourceTree = "<group>";
		};
		DB0159CF1D4DB7B500B17018 /* WebView */ = {
			isa = PBXGroup;
			children = (
				DB0159D11D4DB7B500B17018 /* PCJWKWebViewController.swift */,
			);
			path = WebView;
			sourceTree = "<group>";
		};
		DB0206831D4FB8430067C94B /* Manager */ = {
			isa = PBXGroup;
			children = (
				DB0206841D4FB8430067C94B /* Notification */,
			);
			path = Manager;
			sourceTree = "<group>";
		};
		DB0206841D4FB8430067C94B /* Notification */ = {
			isa = PBXGroup;
			children = (
				DB0206851D4FB8430067C94B /* LocalNotificationManager.swift */,
				DB0206861D4FB8430067C94B /* ReceiveLocalNotificationManager.swift */,
			);
			path = Notification;
			sourceTree = "<group>";
		};
		DB0A81631D463A4E0048ACB4 /* Resource */ = {
			isa = PBXGroup;
			children = (
				DB0A81661D463A710048ACB4 /* DummyTalkDetail.json */,
				DB0A81641D463A4E0048ACB4 /* DummyTalks.json */,
			);
			path = Resource;
			sourceTree = "<group>";
		};
		DB1347DA1CC7DECF00CA0539 /* Protocol */ = {
			isa = PBXGroup;
			children = (
				7F23AD401D656B8E0066771B /* Alamofire */,
				7F5237591D6590D900C5A048 /* Realm */,
				DB1347DF1CCB27D900CA0539 /* ErrorAlertType.swift */,
			);
			path = Protocol;
			sourceTree = "<group>";
		};
		DBA1C0A01C7228E2004F0C8D = {
			isa = PBXGroup;
			children = (
				7FFB733F1C9162C2006FB375 /* MapKit.framework */,
				DBA1C0AB1C7228E2004F0C8D /* PyConJP2016 */,
				DBA1C0C01C7228E2004F0C8D /* PyConJP2016Tests */,
				DBA1C0CB1C7228E2004F0C8D /* PyConJP2016UITests */,
				DBA1C0AA1C7228E2004F0C8D /* Products */,
				0EC7DFA7A1F2C68AE3E46B7C /* Pods */,
				BB6F29A77E8682EFE6C9DA97 /* Frameworks */,
			);
			sourceTree = "<group>";
		};
		DBA1C0AA1C7228E2004F0C8D /* Products */ = {
			isa = PBXGroup;
			children = (
				DBA1C0A91C7228E2004F0C8D /* PyConJP2016.app */,
				DBA1C0BD1C7228E2004F0C8D /* PyConJP2016Tests.xctest */,
				DBA1C0C81C7228E2004F0C8D /* PyConJP2016UITests.xctest */,
			);
			name = Products;
			sourceTree = "<group>";
		};
		DBA1C0AB1C7228E2004F0C8D /* PyConJP2016 */ = {
			isa = PBXGroup;
			children = (
				7FBC34CD1D40F956002919B1 /* Application */,
				DB0A81631D463A4E0048ACB4 /* Resource */,
				7FC773BC1D126A1600F5A202 /* DataSource */,
				DBA1C0DA1C722E77004F0C8D /* Model */,
				DBF32BB31CD48C4C004E7F3B /* Extension */,
				DB1347DA1CC7DECF00CA0539 /* Protocol */,
				DB0206831D4FB8430067C94B /* Manager */,
				DBA1C0DB1C722E82004F0C8D /* ViewController */,
				7FB4D30E1D546240005F314E /* View */,
				DBA1C0DC1C722E99004F0C8D /* Storyboard */,
				DBA1C0B31C7228E2004F0C8D /* Assets.xcassets */,
				DBA1C0B81C7228E2004F0C8D /* Info.plist */,
			);
			path = PyConJP2016;
			sourceTree = "<group>";
		};
		DBA1C0C01C7228E2004F0C8D /* PyConJP2016Tests */ = {
			isa = PBXGroup;
			children = (
				DBA1C0C11C7228E2004F0C8D /* PyConJP2016Tests.swift */,
				DBA1C0C31C7228E2004F0C8D /* Info.plist */,
			);
			path = PyConJP2016Tests;
			sourceTree = "<group>";
		};
		DBA1C0CB1C7228E2004F0C8D /* PyConJP2016UITests */ = {
			isa = PBXGroup;
			children = (
				DBA1C0CC1C7228E2004F0C8D /* PyConJP2016UITests.swift */,
				DBA1C0CE1C7228E2004F0C8D /* Info.plist */,
			);
			path = PyConJP2016UITests;
			sourceTree = "<group>";
		};
		DBA1C0DA1C722E77004F0C8D /* Model */ = {
			isa = PBXGroup;
			children = (
				7F1CBE901D52CAFA007C058D /* Class */,
				7F1CBE921D52CAFA007C058D /* Enum */,
				7F1CBE941D52CAFA007C058D /* Struct */,
			);
			path = Model;
			sourceTree = "<group>";
		};
		DBA1C0DB1C722E82004F0C8D /* ViewController */ = {
			isa = PBXGroup;
			children = (
				DBC748161C7624CB00895D4A /* Base */,
				7F67D1F71C8D4AD2001C8F9C /* Schedule */,
				7F2B717D1D654D30006A60BC /* Bookmark */,
				DBDE0E7A1C8C19CB0094BF36 /* More */,
				DB0159CF1D4DB7B500B17018 /* WebView */,
			);
			name = ViewController;
			path = PyConJP2016/ViewController;
			sourceTree = SOURCE_ROOT;
		};
		DBA1C0DC1C722E99004F0C8D /* Storyboard */ = {
			isa = PBXGroup;
			children = (
				DBA1C0DD1C722E99004F0C8D /* LaunchScreen.storyboard */,
				DBA1C0DE1C722E99004F0C8D /* Main.storyboard */,
				DB5D5A841C72346C00CEF0CD /* Schedule.storyboard */,
				DBDE0E7B1C8C19F50094BF36 /* More.storyboard */,
				DB03ADAA1D5CD25400AB0713 /* Bookmark.storyboard */,
			);
			path = Storyboard;
			sourceTree = "<group>";
		};
		DBC748161C7624CB00895D4A /* Base */ = {
			isa = PBXGroup;
			children = (
				DBC748171C76254000895D4A /* BaseTabBarController.swift */,
				DB3146B61C7C7C6600AA7333 /* TalkDetailViewController.swift */,
				7FB4D3041D5433CA005F314E /* DetailImageViewController.swift */,
			);
			path = Base;
			sourceTree = "<group>";
		};
		DBDE0E7A1C8C19CB0094BF36 /* More */ = {
			isa = PBXGroup;
			children = (
				DBEBDB471C8C89FC002B25B3 /* MoreViewController.swift */,
				7F201B851CCDD8C200235412 /* AboutViewController.swift */,
				7FFB733D1C915B6D006FB375 /* MapViewController.swift */,
				DB8C1B031D5392BE00221F36 /* MapListViewController.swift */,
				7FB4D3021D542DD2005F314E /* FloorMapListViewController.swift */,
				7FB4D3061D5434E2005F314E /* FloorMapImageViewController.swift */,
				7FB4D3081D544333005F314E /* LibraryListViewController.swift */,
			);
			path = More;
			sourceTree = "<group>";
		};
		DBF32BB31CD48C4C004E7F3B /* Extension */ = {
			isa = PBXGroup;
			children = (
				DBB2538A1CCB700400AA17C8 /* UIColorExtension.swift */,
				DBF32BB41CD48C4C004E7F3B /* AppDelegateExtention.swift */,
				DBFAEC541D3CF7AD00BCC880 /* NSDateExtension.swift */,
				7F6879021D41BE28003D5742 /* ArrayExtention.swift */,
				7F6879041D420626003D5742 /* StringExtention.swift */,
				7F8443CD1D50320400A0BCBA /* UIViewExtention.swift */,
			);
			path = Extension;
			sourceTree = "<group>";
		};
		DBFE92291D66136B00327F74 /* Timeline */ = {
			isa = PBXGroup;
			children = (
				DBFE92301D6613C300327F74 /* TimelineDataSource.swift */,
				DBFE922A1D66136B00327F74 /* Bookmark */,
				DBFE922C1D66136B00327F74 /* Schedule */,
			);
			path = Timeline;
			sourceTree = "<group>";
		};
		DBFE922A1D66136B00327F74 /* Bookmark */ = {
			isa = PBXGroup;
			children = (
				DBFE922B1D66136B00327F74 /* BookmarkListDataSource.swift */,
			);
			path = Bookmark;
			sourceTree = "<group>";
		};
		DBFE922C1D66136B00327F74 /* Schedule */ = {
			isa = PBXGroup;
			children = (
				DBFE922D1D66136B00327F74 /* ScheduleListDataSource.swift */,
			);
			path = Schedule;
			sourceTree = "<group>";
		};
/* End PBXGroup section */

/* Begin PBXNativeTarget section */
		DBA1C0A81C7228E2004F0C8D /* PyConJP2016 */ = {
			isa = PBXNativeTarget;
			buildConfigurationList = DBA1C0D11C7228E2004F0C8D /* Build configuration list for PBXNativeTarget "PyConJP2016" */;
			buildPhases = (
				14DE1E801E45FA778A833CFE /* [CP] Check Pods Manifest.lock */,
				DBA1C0A51C7228E2004F0C8D /* Sources */,
				DBA1C0A61C7228E2004F0C8D /* Frameworks */,
				DBA1C0A71C7228E2004F0C8D /* Resources */,
				A0EC586907CE24167572B517 /* [CP] Embed Pods Frameworks */,
				44305B3CEB4EA4C3DBAA7BE1 /* [CP] Copy Pods Resources */,
				DBEE75F11D27A53E008A9D47 /* ShellScript */,
			);
			buildRules = (
			);
			dependencies = (
			);
			name = PyConJP2016;
			productName = PyConJP2016;
			productReference = DBA1C0A91C7228E2004F0C8D /* PyConJP2016.app */;
			productType = "com.apple.product-type.application";
		};
		DBA1C0BC1C7228E2004F0C8D /* PyConJP2016Tests */ = {
			isa = PBXNativeTarget;
			buildConfigurationList = DBA1C0D41C7228E2004F0C8D /* Build configuration list for PBXNativeTarget "PyConJP2016Tests" */;
			buildPhases = (
				271C41C67B6C95998E85D776 /* [CP] Check Pods Manifest.lock */,
				DBA1C0B91C7228E2004F0C8D /* Sources */,
				DBA1C0BA1C7228E2004F0C8D /* Frameworks */,
				DBA1C0BB1C7228E2004F0C8D /* Resources */,
				6A5B2BBA62F961A03AE1D9A7 /* [CP] Embed Pods Frameworks */,
				270A71A7107320E64310FE10 /* [CP] Copy Pods Resources */,
			);
			buildRules = (
			);
			dependencies = (
				DBA1C0BF1C7228E2004F0C8D /* PBXTargetDependency */,
			);
			name = PyConJP2016Tests;
			productName = PyConJP2016Tests;
			productReference = DBA1C0BD1C7228E2004F0C8D /* PyConJP2016Tests.xctest */;
			productType = "com.apple.product-type.bundle.unit-test";
		};
		DBA1C0C71C7228E2004F0C8D /* PyConJP2016UITests */ = {
			isa = PBXNativeTarget;
			buildConfigurationList = DBA1C0D71C7228E2004F0C8D /* Build configuration list for PBXNativeTarget "PyConJP2016UITests" */;
			buildPhases = (
				DBA1C0C41C7228E2004F0C8D /* Sources */,
				DBA1C0C51C7228E2004F0C8D /* Frameworks */,
				DBA1C0C61C7228E2004F0C8D /* Resources */,
			);
			buildRules = (
			);
			dependencies = (
				DBA1C0CA1C7228E2004F0C8D /* PBXTargetDependency */,
			);
			name = PyConJP2016UITests;
			productName = PyConJP2016UITests;
			productReference = DBA1C0C81C7228E2004F0C8D /* PyConJP2016UITests.xctest */;
			productType = "com.apple.product-type.bundle.ui-testing";
		};
/* End PBXNativeTarget section */

/* Begin PBXProject section */
		DBA1C0A11C7228E2004F0C8D /* Project object */ = {
			isa = PBXProject;
			attributes = {
				LastSwiftUpdateCheck = 0720;
				LastUpgradeCheck = 0720;
				ORGANIZATIONNAME = "Yutaro Muta";
				TargetAttributes = {
					DBA1C0A81C7228E2004F0C8D = {
						CreatedOnToolsVersion = 7.2;
					};
					DBA1C0BC1C7228E2004F0C8D = {
						CreatedOnToolsVersion = 7.2;
						DevelopmentTeam = 3T8B5JQDB8;
						TestTargetID = DBA1C0A81C7228E2004F0C8D;
					};
					DBA1C0C71C7228E2004F0C8D = {
						CreatedOnToolsVersion = 7.2;
						DevelopmentTeam = 3T8B5JQDB8;
						TestTargetID = DBA1C0A81C7228E2004F0C8D;
					};
				};
			};
			buildConfigurationList = DBA1C0A41C7228E2004F0C8D /* Build configuration list for PBXProject "PyConJP2016" */;
			compatibilityVersion = "Xcode 3.2";
			developmentRegion = English;
			hasScannedForEncodings = 0;
			knownRegions = (
				en,
				Base,
			);
			mainGroup = DBA1C0A01C7228E2004F0C8D;
			productRefGroup = DBA1C0AA1C7228E2004F0C8D /* Products */;
			projectDirPath = "";
			projectRoot = "";
			targets = (
				DBA1C0A81C7228E2004F0C8D /* PyConJP2016 */,
				DBA1C0BC1C7228E2004F0C8D /* PyConJP2016Tests */,
				DBA1C0C71C7228E2004F0C8D /* PyConJP2016UITests */,
			);
		};
/* End PBXProject section */

/* Begin PBXResourcesBuildPhase section */
		DBA1C0A71C7228E2004F0C8D /* Resources */ = {
			isa = PBXResourcesBuildPhase;
			buildActionMask = 2147483647;
			files = (
				DBA1C0E01C722E99004F0C8D /* Main.storyboard in Resources */,
				DB03ADAB1D5CD25400AB0713 /* Bookmark.storyboard in Resources */,
				DB0A81651D463A4E0048ACB4 /* DummyTalks.json in Resources */,
				DBDE0E7C1C8C19F50094BF36 /* More.storyboard in Resources */,
				7F2B717C1D653F49006A60BC /* TalkTableViewCell.xib in Resources */,
				DBA1C0DF1C722E99004F0C8D /* LaunchScreen.storyboard in Resources */,
				DBA1C0B41C7228E2004F0C8D /* Assets.xcassets in Resources */,
				DB5D5A851C72346C00CEF0CD /* Schedule.storyboard in Resources */,
				DB0A81671D463A710048ACB4 /* DummyTalkDetail.json in Resources */,
			);
			runOnlyForDeploymentPostprocessing = 0;
		};
		DBA1C0BB1C7228E2004F0C8D /* Resources */ = {
			isa = PBXResourcesBuildPhase;
			buildActionMask = 2147483647;
			files = (
			);
			runOnlyForDeploymentPostprocessing = 0;
		};
		DBA1C0C61C7228E2004F0C8D /* Resources */ = {
			isa = PBXResourcesBuildPhase;
			buildActionMask = 2147483647;
			files = (
			);
			runOnlyForDeploymentPostprocessing = 0;
		};
/* End PBXResourcesBuildPhase section */

/* Begin PBXShellScriptBuildPhase section */
		14DE1E801E45FA778A833CFE /* [CP] Check Pods Manifest.lock */ = {
			isa = PBXShellScriptBuildPhase;
			buildActionMask = 2147483647;
			files = (
			);
			inputPaths = (
			);
			name = "[CP] Check Pods Manifest.lock";
			outputPaths = (
			);
			runOnlyForDeploymentPostprocessing = 0;
			shellPath = /bin/sh;
			shellScript = "diff \"${PODS_ROOT}/../Podfile.lock\" \"${PODS_ROOT}/Manifest.lock\" > /dev/null\nif [[ $? != 0 ]] ; then\n    cat << EOM\nerror: The sandbox is not in sync with the Podfile.lock. Run 'pod install' or update your CocoaPods installation.\nEOM\n    exit 1\nfi\n";
			showEnvVarsInLog = 0;
		};
		270A71A7107320E64310FE10 /* [CP] Copy Pods Resources */ = {
			isa = PBXShellScriptBuildPhase;
			buildActionMask = 2147483647;
			files = (
			);
			inputPaths = (
			);
			name = "[CP] Copy Pods Resources";
			outputPaths = (
			);
			runOnlyForDeploymentPostprocessing = 0;
			shellPath = /bin/sh;
			shellScript = "\"${SRCROOT}/Pods/Target Support Files/Pods-PyConJP2016Tests/Pods-PyConJP2016Tests-resources.sh\"\n";
			showEnvVarsInLog = 0;
		};
		271C41C67B6C95998E85D776 /* [CP] Check Pods Manifest.lock */ = {
			isa = PBXShellScriptBuildPhase;
			buildActionMask = 2147483647;
			files = (
			);
			inputPaths = (
			);
			name = "[CP] Check Pods Manifest.lock";
			outputPaths = (
			);
			runOnlyForDeploymentPostprocessing = 0;
			shellPath = /bin/sh;
			shellScript = "diff \"${PODS_ROOT}/../Podfile.lock\" \"${PODS_ROOT}/Manifest.lock\" > /dev/null\nif [[ $? != 0 ]] ; then\n    cat << EOM\nerror: The sandbox is not in sync with the Podfile.lock. Run 'pod install' or update your CocoaPods installation.\nEOM\n    exit 1\nfi\n";
			showEnvVarsInLog = 0;
		};
		44305B3CEB4EA4C3DBAA7BE1 /* [CP] Copy Pods Resources */ = {
			isa = PBXShellScriptBuildPhase;
			buildActionMask = 2147483647;
			files = (
			);
			inputPaths = (
			);
			name = "[CP] Copy Pods Resources";
			outputPaths = (
			);
			runOnlyForDeploymentPostprocessing = 0;
			shellPath = /bin/sh;
			shellScript = "\"${SRCROOT}/Pods/Target Support Files/Pods-PyConJP2016/Pods-PyConJP2016-resources.sh\"\n";
			showEnvVarsInLog = 0;
		};
		6A5B2BBA62F961A03AE1D9A7 /* [CP] Embed Pods Frameworks */ = {
			isa = PBXShellScriptBuildPhase;
			buildActionMask = 2147483647;
			files = (
			);
			inputPaths = (
			);
			name = "[CP] Embed Pods Frameworks";
			outputPaths = (
			);
			runOnlyForDeploymentPostprocessing = 0;
			shellPath = /bin/sh;
			shellScript = "\"${SRCROOT}/Pods/Target Support Files/Pods-PyConJP2016Tests/Pods-PyConJP2016Tests-frameworks.sh\"\n";
			showEnvVarsInLog = 0;
		};
		A0EC586907CE24167572B517 /* [CP] Embed Pods Frameworks */ = {
			isa = PBXShellScriptBuildPhase;
			buildActionMask = 2147483647;
			files = (
			);
			inputPaths = (
			);
			name = "[CP] Embed Pods Frameworks";
			outputPaths = (
			);
			runOnlyForDeploymentPostprocessing = 0;
			shellPath = /bin/sh;
			shellScript = "\"${SRCROOT}/Pods/Target Support Files/Pods-PyConJP2016/Pods-PyConJP2016-frameworks.sh\"\n";
			showEnvVarsInLog = 0;
		};
		DBEE75F11D27A53E008A9D47 /* ShellScript */ = {
			isa = PBXShellScriptBuildPhase;
			buildActionMask = 2147483647;
			files = (
			);
			inputPaths = (
			);
			outputPaths = (
			);
			runOnlyForDeploymentPostprocessing = 0;
			shellPath = /bin/sh;
			shellScript = "if which swiftlint >/dev/null; then\nswiftlint\nelse\necho \"SwiftLint does not exist, download from https://github.com/realm/SwiftLint\"\nfi";
		};
/* End PBXShellScriptBuildPhase section */

/* Begin PBXSourcesBuildPhase section */
		DBA1C0A51C7228E2004F0C8D /* Sources */ = {
			isa = PBXSourcesBuildPhase;
			buildActionMask = 2147483647;
			files = (
				DB0206891D4FB8430067C94B /* ReceiveLocalNotificationManager.swift in Sources */,
				7F6879031D41BE28003D5742 /* ArrayExtention.swift in Sources */,
				DB8C1B041D5392BE00221F36 /* MapListViewController.swift in Sources */,
				7F23AD461D656B8E0066771B /* TalksAPIType.swift in Sources */,
				DB0206881D4FB8430067C94B /* LocalNotificationManager.swift in Sources */,
				DB0159D31D4DB7B500B17018 /* PCJWKWebViewController.swift in Sources */,
				7F1CBEA41D52CB3C007C058D /* PyConJPDate.swift in Sources */,
				7F82F6A01C8D4B62004EAC0E /* SchedulePageViewController.swift in Sources */,
				7F52375D1D65917500C5A048 /* RealmTalksType.swift in Sources */,
				7FB4D3051D5433CA005F314E /* DetailImageViewController.swift in Sources */,
				7F2B717F1D654D44006A60BC /* BookmarkListViewController.swift in Sources */,
				DB3A77B01D5631F200C25D8D /* Talk.swift in Sources */,
				DB3146B71C7C7C6600AA7333 /* TalkDetailViewController.swift in Sources */,
				DB23836E1D563BFE00DA5376 /* Room.swift in Sources */,
				7F82F6A41C8D4BF9004EAC0E /* ScheduleDateViewController.swift in Sources */,
				7F201B861CCDD8C200235412 /* AboutViewController.swift in Sources */,
				7FB4D3071D5434E2005F314E /* FloorMapImageViewController.swift in Sources */,
				DBFE922F1D66136B00327F74 /* ScheduleListDataSource.swift in Sources */,
				DBEBDB481C8C89FC002B25B3 /* MoreViewController.swift in Sources */,
				7F1CBE9E1D52CAFA007C058D /* Level.swift in Sources */,
				DBC748181C76254000895D4A /* BaseTabBarController.swift in Sources */,
				7FBC34CF1D40F956002919B1 /* AppDelegate.swift in Sources */,
				7F1CBEA11D52CAFA007C058D /* TalkDetail.swift in Sources */,
				7F8443CE1D50320400A0BCBA /* UIViewExtention.swift in Sources */,
				7F1CBEA21D52CAFA007C058D /* Timeline.swift in Sources */,
				7FFB733E1C915B6E006FB375 /* MapViewController.swift in Sources */,
				7F1CBE9C1D52CAFA007C058D /* Language.swift in Sources */,
				7F82F6A81C8D4CF3004EAC0E /* ScheduleListViewController.swift in Sources */,
				DB3A77AE1D5631A400C25D8D /* TalkObject.swift in Sources */,
				DBF32BB51CD48C4C004E7F3B /* AppDelegateExtention.swift in Sources */,
				7F23AD441D656B8E0066771B /* AlamofireType.swift in Sources */,
				7F23AD451D656B8E0066771B /* TalkDetailAPIType.swift in Sources */,
				DBB2538B1CCB700400AA17C8 /* UIColorExtension.swift in Sources */,
				7FB4D3101D546269005F314E /* CustomImageView.swift in Sources */,
				7F1CBE9F1D52CAFA007C058D /* Place.swift in Sources */,
				7F82F6A21C8D4B9A004EAC0E /* ScheduleModelController.swift in Sources */,
				7FB4D3031D542DD2005F314E /* FloorMapListViewController.swift in Sources */,
				DB1347E01CCB27D900CA0539 /* ErrorAlertType.swift in Sources */,
				7FFF87EE1D5AF2070093E316 /* Result.swift in Sources */,
				7F6879051D420626003D5742 /* StringExtention.swift in Sources */,
				7F82F6A61C8D4C3D004EAC0E /* ScheduleBaseViewController.swift in Sources */,
				DBFE92311D6613C300327F74 /* TimelineDataSource.swift in Sources */,
				7F2B717B1D653F49006A60BC /* TalkTableViewCell.swift in Sources */,
				7FBC34D11D40F98D002919B1 /* AppConfig.swift in Sources */,
				7FB4D3091D544333005F314E /* LibraryListViewController.swift in Sources */,
				DBFAEC551D3CF7AD00BCC880 /* NSDateExtension.swift in Sources */,
				DBFE922E1D66136B00327F74 /* BookmarkListDataSource.swift in Sources */,
				7F1CBEA01D52CAFA007C058D /* Speaker.swift in Sources */,
				7F1CBE9D1D52CAFA007C058D /* Category.swift in Sources */,
			);
			runOnlyForDeploymentPostprocessing = 0;
		};
		DBA1C0B91C7228E2004F0C8D /* Sources */ = {
			isa = PBXSourcesBuildPhase;
			buildActionMask = 2147483647;
			files = (
				DBA1C0C21C7228E2004F0C8D /* PyConJP2016Tests.swift in Sources */,
			);
			runOnlyForDeploymentPostprocessing = 0;
		};
		DBA1C0C41C7228E2004F0C8D /* Sources */ = {
			isa = PBXSourcesBuildPhase;
			buildActionMask = 2147483647;
			files = (
				DBA1C0CD1C7228E2004F0C8D /* PyConJP2016UITests.swift in Sources */,
			);
			runOnlyForDeploymentPostprocessing = 0;
		};
/* End PBXSourcesBuildPhase section */

/* Begin PBXTargetDependency section */
		DBA1C0BF1C7228E2004F0C8D /* PBXTargetDependency */ = {
			isa = PBXTargetDependency;
			target = DBA1C0A81C7228E2004F0C8D /* PyConJP2016 */;
			targetProxy = DBA1C0BE1C7228E2004F0C8D /* PBXContainerItemProxy */;
		};
		DBA1C0CA1C7228E2004F0C8D /* PBXTargetDependency */ = {
			isa = PBXTargetDependency;
			target = DBA1C0A81C7228E2004F0C8D /* PyConJP2016 */;
			targetProxy = DBA1C0C91C7228E2004F0C8D /* PBXContainerItemProxy */;
		};
/* End PBXTargetDependency section */

/* Begin XCBuildConfiguration section */
		DBA1C0CF1C7228E2004F0C8D /* Debug */ = {
			isa = XCBuildConfiguration;
			buildSettings = {
				ALWAYS_SEARCH_USER_PATHS = NO;
				CLANG_CXX_LANGUAGE_STANDARD = "gnu++0x";
				CLANG_CXX_LIBRARY = "libc++";
				CLANG_ENABLE_MODULES = YES;
				CLANG_ENABLE_OBJC_ARC = YES;
				CLANG_WARN_BOOL_CONVERSION = YES;
				CLANG_WARN_CONSTANT_CONVERSION = YES;
				CLANG_WARN_DIRECT_OBJC_ISA_USAGE = YES_ERROR;
				CLANG_WARN_EMPTY_BODY = YES;
				CLANG_WARN_ENUM_CONVERSION = YES;
				CLANG_WARN_INT_CONVERSION = YES;
				CLANG_WARN_OBJC_ROOT_CLASS = YES_ERROR;
				CLANG_WARN_UNREACHABLE_CODE = YES;
				CLANG_WARN__DUPLICATE_METHOD_MATCH = YES;
				"CODE_SIGN_IDENTITY[sdk=iphoneos*]" = "iPhone Developer";
				COPY_PHASE_STRIP = NO;
				DEBUG_INFORMATION_FORMAT = dwarf;
				ENABLE_STRICT_OBJC_MSGSEND = YES;
				ENABLE_TESTABILITY = YES;
				GCC_C_LANGUAGE_STANDARD = gnu99;
				GCC_DYNAMIC_NO_PIC = NO;
				GCC_NO_COMMON_BLOCKS = YES;
				GCC_OPTIMIZATION_LEVEL = 0;
				GCC_PREPROCESSOR_DEFINITIONS = (
					"DEBUG=1",
					"$(inherited)",
				);
				GCC_WARN_64_TO_32_BIT_CONVERSION = YES;
				GCC_WARN_ABOUT_RETURN_TYPE = YES_ERROR;
				GCC_WARN_UNDECLARED_SELECTOR = YES;
				GCC_WARN_UNINITIALIZED_AUTOS = YES_AGGRESSIVE;
				GCC_WARN_UNUSED_FUNCTION = YES;
				GCC_WARN_UNUSED_VARIABLE = YES;
				IPHONEOS_DEPLOYMENT_TARGET = 9.2;
				MTL_ENABLE_DEBUG_INFO = YES;
				ONLY_ACTIVE_ARCH = YES;
				SDKROOT = iphoneos;
				SWIFT_OPTIMIZATION_LEVEL = "-Onone";
				TARGETED_DEVICE_FAMILY = "1,2";
			};
			name = Debug;
		};
		DBA1C0D01C7228E2004F0C8D /* Release */ = {
			isa = XCBuildConfiguration;
			buildSettings = {
				ALWAYS_SEARCH_USER_PATHS = NO;
				CLANG_CXX_LANGUAGE_STANDARD = "gnu++0x";
				CLANG_CXX_LIBRARY = "libc++";
				CLANG_ENABLE_MODULES = YES;
				CLANG_ENABLE_OBJC_ARC = YES;
				CLANG_WARN_BOOL_CONVERSION = YES;
				CLANG_WARN_CONSTANT_CONVERSION = YES;
				CLANG_WARN_DIRECT_OBJC_ISA_USAGE = YES_ERROR;
				CLANG_WARN_EMPTY_BODY = YES;
				CLANG_WARN_ENUM_CONVERSION = YES;
				CLANG_WARN_INT_CONVERSION = YES;
				CLANG_WARN_OBJC_ROOT_CLASS = YES_ERROR;
				CLANG_WARN_UNREACHABLE_CODE = YES;
				CLANG_WARN__DUPLICATE_METHOD_MATCH = YES;
				"CODE_SIGN_IDENTITY[sdk=iphoneos*]" = "iPhone Developer";
				COPY_PHASE_STRIP = NO;
				DEBUG_INFORMATION_FORMAT = "dwarf-with-dsym";
				ENABLE_NS_ASSERTIONS = NO;
				ENABLE_STRICT_OBJC_MSGSEND = YES;
				GCC_C_LANGUAGE_STANDARD = gnu99;
				GCC_NO_COMMON_BLOCKS = YES;
				GCC_WARN_64_TO_32_BIT_CONVERSION = YES;
				GCC_WARN_ABOUT_RETURN_TYPE = YES_ERROR;
				GCC_WARN_UNDECLARED_SELECTOR = YES;
				GCC_WARN_UNINITIALIZED_AUTOS = YES_AGGRESSIVE;
				GCC_WARN_UNUSED_FUNCTION = YES;
				GCC_WARN_UNUSED_VARIABLE = YES;
				IPHONEOS_DEPLOYMENT_TARGET = 9.2;
				MTL_ENABLE_DEBUG_INFO = NO;
				SDKROOT = iphoneos;
				TARGETED_DEVICE_FAMILY = "1,2";
				VALIDATE_PRODUCT = YES;
			};
			name = Release;
		};
		DBA1C0D21C7228E2004F0C8D /* Debug */ = {
			isa = XCBuildConfiguration;
			baseConfigurationReference = 30241316839D846FC4C64534 /* Pods-PyConJP2016.debug.xcconfig */;
			buildSettings = {
				ASSETCATALOG_COMPILER_APPICON_NAME = AppIcon;
				CODE_SIGN_IDENTITY = "iPhone Developer";
				"CODE_SIGN_IDENTITY[sdk=iphoneos*]" = "iPhone Developer";
				INFOPLIST_FILE = PyConJP2016/Info.plist;
				IPHONEOS_DEPLOYMENT_TARGET = 9.0;
				LD_RUNPATH_SEARCH_PATHS = "$(inherited) @executable_path/Frameworks";
				PRODUCT_BUNDLE_IDENTIFIER = PyConJP2016;
				PRODUCT_NAME = "$(TARGET_NAME)";
				PROVISIONING_PROFILE = "";
				TARGETED_DEVICE_FAMILY = 1;
			};
			name = Debug;
		};
		DBA1C0D31C7228E2004F0C8D /* Release */ = {
			isa = XCBuildConfiguration;
			baseConfigurationReference = 7B4525E7CD6B481FCC38979C /* Pods-PyConJP2016.release.xcconfig */;
			buildSettings = {
				ASSETCATALOG_COMPILER_APPICON_NAME = AppIcon;
				CODE_SIGN_IDENTITY = "iPhone Developer";
				"CODE_SIGN_IDENTITY[sdk=iphoneos*]" = "iPhone Developer";
				INFOPLIST_FILE = PyConJP2016/Info.plist;
				IPHONEOS_DEPLOYMENT_TARGET = 9.0;
				LD_RUNPATH_SEARCH_PATHS = "$(inherited) @executable_path/Frameworks";
				PRODUCT_BUNDLE_IDENTIFIER = PyConJP2016;
				PRODUCT_NAME = "$(TARGET_NAME)";
				PROVISIONING_PROFILE = "";
				TARGETED_DEVICE_FAMILY = 1;
			};
			name = Release;
		};
		DBA1C0D51C7228E2004F0C8D /* Debug */ = {
			isa = XCBuildConfiguration;
			baseConfigurationReference = B1A81D8527364825FA466121 /* Pods-PyConJP2016Tests.debug.xcconfig */;
			buildSettings = {
				BUNDLE_LOADER = "$(TEST_HOST)";
				INFOPLIST_FILE = PyConJP2016Tests/Info.plist;
				LD_RUNPATH_SEARCH_PATHS = "$(inherited) @executable_path/Frameworks @loader_path/Frameworks";
				PRODUCT_BUNDLE_IDENTIFIER = yutaro.PyConJP2016Tests;
				PRODUCT_NAME = "$(TARGET_NAME)";
				TEST_HOST = "$(BUILT_PRODUCTS_DIR)/PyConJP2016.app/PyConJP2016";
			};
			name = Debug;
		};
		DBA1C0D61C7228E2004F0C8D /* Release */ = {
			isa = XCBuildConfiguration;
			baseConfigurationReference = E2EB42880CF0B0E1ABE59123 /* Pods-PyConJP2016Tests.release.xcconfig */;
			buildSettings = {
				BUNDLE_LOADER = "$(TEST_HOST)";
				INFOPLIST_FILE = PyConJP2016Tests/Info.plist;
				LD_RUNPATH_SEARCH_PATHS = "$(inherited) @executable_path/Frameworks @loader_path/Frameworks";
				PRODUCT_BUNDLE_IDENTIFIER = yutaro.PyConJP2016Tests;
				PRODUCT_NAME = "$(TARGET_NAME)";
				TEST_HOST = "$(BUILT_PRODUCTS_DIR)/PyConJP2016.app/PyConJP2016";
			};
			name = Release;
		};
		DBA1C0D81C7228E2004F0C8D /* Debug */ = {
			isa = XCBuildConfiguration;
			buildSettings = {
				INFOPLIST_FILE = PyConJP2016UITests/Info.plist;
				LD_RUNPATH_SEARCH_PATHS = "$(inherited) @executable_path/Frameworks @loader_path/Frameworks";
				PRODUCT_BUNDLE_IDENTIFIER = yutaro.PyConJP2016UITests;
				PRODUCT_NAME = "$(TARGET_NAME)";
				TEST_TARGET_NAME = PyConJP2016;
				USES_XCTRUNNER = YES;
			};
			name = Debug;
		};
		DBA1C0D91C7228E2004F0C8D /* Release */ = {
			isa = XCBuildConfiguration;
			buildSettings = {
				INFOPLIST_FILE = PyConJP2016UITests/Info.plist;
				LD_RUNPATH_SEARCH_PATHS = "$(inherited) @executable_path/Frameworks @loader_path/Frameworks";
				PRODUCT_BUNDLE_IDENTIFIER = yutaro.PyConJP2016UITests;
				PRODUCT_NAME = "$(TARGET_NAME)";
				TEST_TARGET_NAME = PyConJP2016;
				USES_XCTRUNNER = YES;
			};
			name = Release;
		};
/* End XCBuildConfiguration section */

/* Begin XCConfigurationList section */
		DBA1C0A41C7228E2004F0C8D /* Build configuration list for PBXProject "PyConJP2016" */ = {
			isa = XCConfigurationList;
			buildConfigurations = (
				DBA1C0CF1C7228E2004F0C8D /* Debug */,
				DBA1C0D01C7228E2004F0C8D /* Release */,
			);
			defaultConfigurationIsVisible = 0;
			defaultConfigurationName = Release;
		};
		DBA1C0D11C7228E2004F0C8D /* Build configuration list for PBXNativeTarget "PyConJP2016" */ = {
			isa = XCConfigurationList;
			buildConfigurations = (
				DBA1C0D21C7228E2004F0C8D /* Debug */,
				DBA1C0D31C7228E2004F0C8D /* Release */,
			);
			defaultConfigurationIsVisible = 0;
			defaultConfigurationName = Release;
		};
		DBA1C0D41C7228E2004F0C8D /* Build configuration list for PBXNativeTarget "PyConJP2016Tests" */ = {
			isa = XCConfigurationList;
			buildConfigurations = (
				DBA1C0D51C7228E2004F0C8D /* Debug */,
				DBA1C0D61C7228E2004F0C8D /* Release */,
			);
			defaultConfigurationIsVisible = 0;
			defaultConfigurationName = Release;
		};
		DBA1C0D71C7228E2004F0C8D /* Build configuration list for PBXNativeTarget "PyConJP2016UITests" */ = {
			isa = XCConfigurationList;
			buildConfigurations = (
				DBA1C0D81C7228E2004F0C8D /* Debug */,
				DBA1C0D91C7228E2004F0C8D /* Release */,
			);
			defaultConfigurationIsVisible = 0;
			defaultConfigurationName = Release;
		};
/* End XCConfigurationList section */
	};
	rootObject = DBA1C0A11C7228E2004F0C8D /* Project object */;
}
